PODS:
  - Alamofire (5.4.1)
  - CardSlider (0.1.0)
  - ObjectMapper (3.5.3)
  - SDWebImage (5.10.1):
    - SDWebImage/Core (= 5.10.1)
  - SDWebImage/Core (5.10.1)

DEPENDENCIES:
  - Alamofire (~> 5.2)
  - CardSlider
  - ObjectMapper (~> 3.1)
  - SDWebImage

SPEC REPOS:
  trunk:
    - Alamofire
    - CardSlider
    - ObjectMapper
    - SDWebImage

SPEC CHECKSUMS:
  Alamofire: 2291f7d21ca607c491dd17642e5d40fdcda0e65c
  CardSlider: 0a8f5f17f5a76701771794b07fdaeddc512358c8
  ObjectMapper: 97111c97e054a6ee25917662106689f0b4127b37
  SDWebImage: f66a16b95183b92ed6b965ad21d33167bc07612d

PODFILE CHECKSUM: a853f0d7ad8abe35101b8174179dbe3b820601d9

COCOAPODS: 1.9.3
