// !$*UTF8*$!
{
	archiveVersion = 1;
	classes = {
	};
	objectVersion = 51;
	objects = {

/* Begin PBXBuildFile section */
		0A04583E733FB15E6EB771B2 /* Pods_fiin_swift_fiin_swiftUITests.framework in Frameworks */ = {isa = PBXBuildFile; fileRef = 79DED100F25841639042D6B5 /* Pods_fiin_swift_fiin_swiftUITests.framework */; };
		1B86B2DE7ECFDEE076F91E36 /* Pods_fiin_swiftTests.framework in Frameworks */ = {isa = PBXBuildFile; fileRef = D0B2C6AB400DFB882D3949C4 /* Pods_fiin_swiftTests.framework */; };
		84000C2325F7BF0B00866863 /* Notification@3x.png in Resources */ = {isa = PBXBuildFile; fileRef = 84000C2225F7BF0B00866863 /* Notification@3x.png */; };
		84000C2825F7C06D00866863 /* Group 13@3x.png in Resources */ = {isa = PBXBuildFile; fileRef = 84000C2725F7C06D00866863 /* Group 13@3x.png */; };
		84000C2D25F7E2DA00866863 /* arr_right.png in Resources */ = {isa = PBXBuildFile; fileRef = 84000C2C25F7E2D900866863 /* arr_right.png */; };
		84000C3225F7E40000866863 /* borrrow.png in Resources */ = {isa = PBXBuildFile; fileRef = 84000C3125F7E40000866863 /* borrrow.png */; };
		84000C3725F7E7D000866863 /* lend.png in Resources */ = {isa = PBXBuildFile; fileRef = 84000C3625F7E7D000866863 /* lend.png */; };
		84000C3C25F7E7FE00866863 /* deposit.png in Resources */ = {isa = PBXBuildFile; fileRef = 84000C3B25F7E7FE00866863 /* deposit.png */; };
		84000C4125F7E82D00866863 /* withdraw.png in Resources */ = {isa = PBXBuildFile; fileRef = 84000C4025F7E82D00866863 /* withdraw.png */; };
		84000C4A25F8637900866863 /* BannerHomeCollectionViewCell.swift in Sources */ = {isa = PBXBuildFile; fileRef = 84000C4925F8637900866863 /* BannerHomeCollectionViewCell.swift */; };
		84000C5B25F8687500866863 /* banner.jpg in Resources */ = {isa = PBXBuildFile; fileRef = 84000C5A25F8687500866863 /* banner.jpg */; };
		84000C7825F86B3800866863 /* banner2.png in Resources */ = {isa = PBXBuildFile; fileRef = 84000C7725F86B3800866863 /* banner2.png */; };
		84000C7D25F86BEA00866863 /* banner3.jpg in Resources */ = {isa = PBXBuildFile; fileRef = 84000C7C25F86BEA00866863 /* banner3.jpg */; };
		84000C8225F873B700866863 /* Borrow TD@3x.png in Resources */ = {isa = PBXBuildFile; fileRef = 84000C8125F873B700866863 /* Borrow TD@3x.png */; };
		84000C8725F873FD00866863 /* Borrow Trả Góp@3x.png in Resources */ = {isa = PBXBuildFile; fileRef = 84000C8625F873FC00866863 /* Borrow Trả Góp@3x.png */; };
		84000C8C25F8741600866863 /* Borrow %@3x.png in Resources */ = {isa = PBXBuildFile; fileRef = 84000C8B25F8741600866863 /* Borrow %@3x.png */; };
		84000C9125F8743000866863 /* Mobile Shoping@3x.png in Resources */ = {isa = PBXBuildFile; fileRef = 84000C9025F8743000866863 /* Mobile Shoping@3x.png */; };
		84000C9625F8744800866863 /* Mobile Card@3x.png in Resources */ = {isa = PBXBuildFile; fileRef = 84000C9525F8744800866863 /* Mobile Card@3x.png */; };
		84000C9B25F8745F00866863 /* Payment TD@3x.png in Resources */ = {isa = PBXBuildFile; fileRef = 84000C9A25F8745F00866863 /* Payment TD@3x.png */; };
		84000CA025F8747900866863 /* Reward2@3x.png in Resources */ = {isa = PBXBuildFile; fileRef = 84000C9F25F8747800866863 /* Reward2@3x.png */; };
		84000CA525F8748F00866863 /* add-friend@3x.png in Resources */ = {isa = PBXBuildFile; fileRef = 84000CA425F8748F00866863 /* add-friend@3x.png */; };
		84000CB425F8A89400866863 /* ModalSupportTicket.swift in Sources */ = {isa = PBXBuildFile; fileRef = 84000CB325F8A89400866863 /* ModalSupportTicket.swift */; };
		84000CB925F8A8E100866863 /* ModalSupportTicket.xib in Resources */ = {isa = PBXBuildFile; fileRef = 84000CB825F8A8E100866863 /* ModalSupportTicket.xib */; };
		84000CBE25F8AFE600866863 /* messenger.png in Resources */ = {isa = PBXBuildFile; fileRef = 84000CBD25F8AFE600866863 /* messenger.png */; };
		84000CC325F8B01200866863 /* gmail_support.png in Resources */ = {isa = PBXBuildFile; fileRef = 84000CC225F8B01200866863 /* gmail_support.png */; };
		84000CC825F8B03800866863 /* phone_support.png in Resources */ = {isa = PBXBuildFile; fileRef = 84000CC725F8B03800866863 /* phone_support.png */; };
		84000CCD25F8B05B00866863 /* ib_support.png in Resources */ = {isa = PBXBuildFile; fileRef = 84000CCC25F8B05B00866863 /* ib_support.png */; };
		84000CD325F92D8B00866863 /* SupportTicketViewController.swift in Sources */ = {isa = PBXBuildFile; fileRef = 84000CD225F92D8B00866863 /* SupportTicketViewController.swift */; };
		84000CDA25F9306E00866863 /* ListSupportTableViewCell.swift in Sources */ = {isa = PBXBuildFile; fileRef = 84000CD825F9306E00866863 /* ListSupportTableViewCell.swift */; };
		84000CDB25F9306E00866863 /* ListSupportTableViewCell.xib in Resources */ = {isa = PBXBuildFile; fileRef = 84000CD925F9306E00866863 /* ListSupportTableViewCell.xib */; };
		84000F1F25FA176A00866863 /* ConstAPI.swift in Sources */ = {isa = PBXBuildFile; fileRef = 84000F1E25FA176A00866863 /* ConstAPI.swift */; };
		84000F2725FA1A8800866863 /* ListSupportResponse.swift in Sources */ = {isa = PBXBuildFile; fileRef = 84000F2625FA1A8800866863 /* ListSupportResponse.swift */; };
		84000F2D25FA230800866863 /* CreateSupportTicketViewController.swift in Sources */ = {isa = PBXBuildFile; fileRef = 84000F2C25FA230800866863 /* CreateSupportTicketViewController.swift */; };
		84000F6E25FDC56900866863 /* DepositViewController.swift in Sources */ = {isa = PBXBuildFile; fileRef = 84000F6D25FDC56900866863 /* DepositViewController.swift */; };
		84000F7625FDCA2B00866863 /* DepositTutorialViewController.swift in Sources */ = {isa = PBXBuildFile; fileRef = 84000F7525FDCA2B00866863 /* DepositTutorialViewController.swift */; };
		84000F8E25FF67CA00866863 /* BankInfoResponse.swift in Sources */ = {isa = PBXBuildFile; fileRef = 84000F8D25FF67CA00866863 /* BankInfoResponse.swift */; };
		84000FAC25FF724C00866863 /* BalanceViewController.swift in Sources */ = {isa = PBXBuildFile; fileRef = 84000FAB25FF724C00866863 /* BalanceViewController.swift */; };
		8400109A2600B83800866863 /* ListBankInfoCollectionViewCell.swift in Sources */ = {isa = PBXBuildFile; fileRef = 840010992600B83800866863 /* ListBankInfoCollectionViewCell.swift */; };
		840010B82600C26C00866863 /* ColorExtensions.swift in Sources */ = {isa = PBXBuildFile; fileRef = 840010B72600C26C00866863 /* ColorExtensions.swift */; };
		840010C226019E7600866863 /* ActivityIndicatorPresenter.swift in Sources */ = {isa = PBXBuildFile; fileRef = 840010C126019E7500866863 /* ActivityIndicatorPresenter.swift */; };
		840010CB2601F29200866863 /* AuthenticationService.swift in Sources */ = {isa = PBXBuildFile; fileRef = 840010CA2601F29200866863 /* AuthenticationService.swift */; };
		840010D02601F9A100866863 /* BankInfoServices.swift in Sources */ = {isa = PBXBuildFile; fileRef = 840010CF2601F9A100866863 /* BankInfoServices.swift */; };
		840010D82601FC6900866863 /* UserDataService.swift in Sources */ = {isa = PBXBuildFile; fileRef = 840010D72601FC6900866863 /* UserDataService.swift */; };
		840010E22602010400866863 /* index.swift in Sources */ = {isa = PBXBuildFile; fileRef = 840010E12602010400866863 /* index.swift */; };
		840010F7260209B700866863 /* BorrowViewController.swift in Sources */ = {isa = PBXBuildFile; fileRef = 840010F6260209B700866863 /* BorrowViewController.swift */; };
		84273C8E260461C800CE50E3 /* ListBorrowResponse.swift in Sources */ = {isa = PBXBuildFile; fileRef = 84273C8D260461C800CE50E3 /* ListBorrowResponse.swift */; };
		84273C962604827C00CE50E3 /* BorrowServices.swift in Sources */ = {isa = PBXBuildFile; fileRef = 84273C952604827C00CE50E3 /* BorrowServices.swift */; };
		84273C9B260483B200CE50E3 /* ViewExtension.swift in Sources */ = {isa = PBXBuildFile; fileRef = 84273C9A260483B200CE50E3 /* ViewExtension.swift */; };
		84273D142604881B00CE50E3 /* BorrowListTableViewCell.swift in Sources */ = {isa = PBXBuildFile; fileRef = 84273D122604881B00CE50E3 /* BorrowListTableViewCell.swift */; };
		84273D152604881B00CE50E3 /* BorrowListTableViewCell.xib in Resources */ = {isa = PBXBuildFile; fileRef = 84273D132604881B00CE50E3 /* BorrowListTableViewCell.xib */; };
		84273D1D26048B9500CE50E3 /* StringExtensions.swift in Sources */ = {isa = PBXBuildFile; fileRef = 84273D1C26048B9500CE50E3 /* StringExtensions.swift */; };
		84273D2226048E9B00CE50E3 /* InfoUserResponse.swift in Sources */ = {isa = PBXBuildFile; fileRef = 84273D2126048E9B00CE50E3 /* InfoUserResponse.swift */; };
		84273D2726048FCC00CE50E3 /* InfoUser.swift in Sources */ = {isa = PBXBuildFile; fileRef = 84273D2626048FCC00CE50E3 /* InfoUser.swift */; };
		84273D2C26049D7400CE50E3 /* InfoLimitServices.swift in Sources */ = {isa = PBXBuildFile; fileRef = 84273D2B26049D7400CE50E3 /* InfoLimitServices.swift */; };
		84273D3126049DA600CE50E3 /* InfoLimitResponse.swift in Sources */ = {isa = PBXBuildFile; fileRef = 84273D3026049DA600CE50E3 /* InfoLimitResponse.swift */; };
		84273D3626099D2A00CE50E3 /* notice_icon.png in Resources */ = {isa = PBXBuildFile; fileRef = 84273D3526099D2800CE50E3 /* notice_icon.png */; };
		84273D3C2609A3DF00CE50E3 /* BorrowCreateViewController.swift in Sources */ = {isa = PBXBuildFile; fileRef = 84273D3B2609A3DF00CE50E3 /* BorrowCreateViewController.swift */; };
		84273D442609A5EE00CE50E3 /* check_success.png in Resources */ = {isa = PBXBuildFile; fileRef = 84273D432609A5ED00CE50E3 /* check_success.png */; };
		84273D4A2609A6CB00CE50E3 /* TypeBorrowCollectionViewCell.swift in Sources */ = {isa = PBXBuildFile; fileRef = 84273D492609A6CB00CE50E3 /* TypeBorrowCollectionViewCell.swift */; };
		84273D5A2609CF2500CE50E3 /* BorrowOptionResponse.swift in Sources */ = {isa = PBXBuildFile; fileRef = 84273D592609CF2500CE50E3 /* BorrowOptionResponse.swift */; };
		84273D5F2609E45A00CE50E3 /* Uncheck.png in Resources */ = {isa = PBXBuildFile; fileRef = 84273D5E2609E45A00CE50E3 /* Uncheck.png */; };
		84273D642609EFFD00CE50E3 /* TimeBorrowCollectionViewCell.swift in Sources */ = {isa = PBXBuildFile; fileRef = 84273D632609EFFD00CE50E3 /* TimeBorrowCollectionViewCell.swift */; };
		84273D69260A223E00CE50E3 /* promotion_borrow.png in Resources */ = {isa = PBXBuildFile; fileRef = 84273D68260A223D00CE50E3 /* promotion_borrow.png */; };
		84273D6E260A227500CE50E3 /* notice_promotion.png in Resources */ = {isa = PBXBuildFile; fileRef = 84273D6D260A227400CE50E3 /* notice_promotion.png */; };
		84273D97260C2D2600CE50E3 /* BorrowingContractConfirmResponse.swift in Sources */ = {isa = PBXBuildFile; fileRef = 84273D96260C2D2600CE50E3 /* BorrowingContractConfirmResponse.swift */; };
		84273D9C260DC57A00CE50E3 /* BorowConfirmViewController.swift in Sources */ = {isa = PBXBuildFile; fileRef = 84273D9B260DC57A00CE50E3 /* BorowConfirmViewController.swift */; };
		84273DA1260DD9AF00CE50E3 /* question_icon.png in Resources */ = {isa = PBXBuildFile; fileRef = 84273DA0260DD9AE00CE50E3 /* question_icon.png */; };
		84273DA8260DE58B00CE50E3 /* LoadingViewController.swift in Sources */ = {isa = PBXBuildFile; fileRef = 84273DA6260DE58B00CE50E3 /* LoadingViewController.swift */; };
		84273DB3260F1CD500CE50E3 /* ListBorrowProcessItemTableViewCell.swift in Sources */ = {isa = PBXBuildFile; fileRef = 84273DB1260F1CD500CE50E3 /* ListBorrowProcessItemTableViewCell.swift */; };
		84273DB4260F1CD500CE50E3 /* ListBorrowProcessItemTableViewCell.xib in Resources */ = {isa = PBXBuildFile; fileRef = 84273DB2260F1CD500CE50E3 /* ListBorrowProcessItemTableViewCell.xib */; };
		84273DBC2611885A00CE50E3 /* ic_info_borrow.png in Resources */ = {isa = PBXBuildFile; fileRef = 84273DBB2611885A00CE50E3 /* ic_info_borrow.png */; };
		84273DC126118D5500CE50E3 /* BorrowTutorialViewController.swift in Sources */ = {isa = PBXBuildFile; fileRef = 84273DC026118D5500CE50E3 /* BorrowTutorialViewController.swift */; };
		84273DC62611BD9900CE50E3 /* BorrowConfirmResponse.swift in Sources */ = {isa = PBXBuildFile; fileRef = 84273DC52611BD9800CE50E3 /* BorrowConfirmResponse.swift */; };
		84273DCB2611C8B200CE50E3 /* BorrowDetailViewController.swift in Sources */ = {isa = PBXBuildFile; fileRef = 84273DCA2611C8B200CE50E3 /* BorrowDetailViewController.swift */; };
		84273DD02611CB1000CE50E3 /* BorrowDetailResponse.swift in Sources */ = {isa = PBXBuildFile; fileRef = 84273DCF2611CB1000CE50E3 /* BorrowDetailResponse.swift */; };
		84273DD82612C62D00CE50E3 /* loading1.gif in Resources */ = {isa = PBXBuildFile; fileRef = 84273DD72612C62D00CE50E3 /* loading1.gif */; };
		84273DE9261306D800CE50E3 /* WithdrawViewController.swift in Sources */ = {isa = PBXBuildFile; fileRef = 84273DE8261306D800CE50E3 /* WithdrawViewController.swift */; };
		84273DF126130A3000CE50E3 /* calendar_icon.png in Resources */ = {isa = PBXBuildFile; fileRef = 84273DF026130A2D00CE50E3 /* calendar_icon.png */; };
		84273DFB26130B8A00CE50E3 /* ListWithdrawItemTableViewCell.swift in Sources */ = {isa = PBXBuildFile; fileRef = 84273DF926130B8A00CE50E3 /* ListWithdrawItemTableViewCell.swift */; };
		84273DFC26130B8A00CE50E3 /* ListWithdrawItemTableViewCell.xib in Resources */ = {isa = PBXBuildFile; fileRef = 84273DFA26130B8A00CE50E3 /* ListWithdrawItemTableViewCell.xib */; };
		84273E0526140BB900CE50E3 /* ListWithdraw.swift in Sources */ = {isa = PBXBuildFile; fileRef = 84273E0426140BB900CE50E3 /* ListWithdraw.swift */; };
		84273E0D26140C4600CE50E3 /* WithdrawResponse.swift in Sources */ = {isa = PBXBuildFile; fileRef = 84273E0C26140C4600CE50E3 /* WithdrawResponse.swift */; };
		8467E30725F62C5900B45E68 /* AppDelegate.swift in Sources */ = {isa = PBXBuildFile; fileRef = 8467E30625F62C5900B45E68 /* AppDelegate.swift */; };
		8467E30925F62C5900B45E68 /* SceneDelegate.swift in Sources */ = {isa = PBXBuildFile; fileRef = 8467E30825F62C5900B45E68 /* SceneDelegate.swift */; };
		8467E30B25F62C5900B45E68 /* ViewController.swift in Sources */ = {isa = PBXBuildFile; fileRef = 8467E30A25F62C5900B45E68 /* ViewController.swift */; };
		8467E30E25F62C5900B45E68 /* Main.storyboard in Resources */ = {isa = PBXBuildFile; fileRef = 8467E30C25F62C5900B45E68 /* Main.storyboard */; };
		8467E31125F62C5900B45E68 /* fiin_swift.xcdatamodeld in Sources */ = {isa = PBXBuildFile; fileRef = 8467E30F25F62C5900B45E68 /* fiin_swift.xcdatamodeld */; };
		8467E31325F62C5E00B45E68 /* Assets.xcassets in Resources */ = {isa = PBXBuildFile; fileRef = 8467E31225F62C5E00B45E68 /* Assets.xcassets */; };
		8467E31625F62C5E00B45E68 /* LaunchScreen.storyboard in Resources */ = {isa = PBXBuildFile; fileRef = 8467E31425F62C5E00B45E68 /* LaunchScreen.storyboard */; };
		8467E32125F62C5F00B45E68 /* fiin_swiftTests.swift in Sources */ = {isa = PBXBuildFile; fileRef = 8467E32025F62C5F00B45E68 /* fiin_swiftTests.swift */; };
		8467E32C25F62C5F00B45E68 /* fiin_swiftUITests.swift in Sources */ = {isa = PBXBuildFile; fileRef = 8467E32B25F62C5F00B45E68 /* fiin_swiftUITests.swift */; };
		8467E37125F6371D00B45E68 /* logo@3x.png in Resources */ = {isa = PBXBuildFile; fileRef = 8467E37025F6371D00B45E68 /* logo@3x.png */; };
		8467E37C25F63A0C00B45E68 /* LoginViewController.swift in Sources */ = {isa = PBXBuildFile; fileRef = 8467E37B25F63A0C00B45E68 /* LoginViewController.swift */; };
		8467E38825F63B3700B45E68 /* Phone@3x.png in Resources */ = {isa = PBXBuildFile; fileRef = 8467E38725F63B3700B45E68 /* Phone@3x.png */; };
		8467E38D25F63B4200B45E68 /* Lock@3x.png in Resources */ = {isa = PBXBuildFile; fileRef = 8467E38C25F63B4200B45E68 /* Lock@3x.png */; };
		8467E39225F710A300B45E68 /* EyeInactive@3x.png in Resources */ = {isa = PBXBuildFile; fileRef = 8467E39125F710A200B45E68 /* EyeInactive@3x.png */; };
		8467E39725F712CE00B45E68 /* Primary@3x.png in Resources */ = {isa = PBXBuildFile; fileRef = 8467E39625F712CE00B45E68 /* Primary@3x.png */; };
		8467E3A425F7187900B45E68 /* image@3x.png in Resources */ = {isa = PBXBuildFile; fileRef = 8467E3A325F7187900B45E68 /* image@3x.png */; };
		8467E3E525F736FA00B45E68 /* arrowBackLeft@3x.png in Resources */ = {isa = PBXBuildFile; fileRef = 8467E3E425F736FA00B45E68 /* arrowBackLeft@3x.png */; };
		8467E3EC25F75B7900B45E68 /* TermViewController.swift in Sources */ = {isa = PBXBuildFile; fileRef = 8467E3EB25F75B7900B45E68 /* TermViewController.swift */; };
		8467E3F625F7677300B45E68 /* CreateAccountViewController.swift in Sources */ = {isa = PBXBuildFile; fileRef = 8467E3F525F7677300B45E68 /* CreateAccountViewController.swift */; };
		8467E40125F7690F00B45E68 /* eyeOutActive.png in Resources */ = {isa = PBXBuildFile; fileRef = 8467E40025F7690F00B45E68 /* eyeOutActive.png */; };
		8467E40625F775BF00B45E68 /* Connect.swift in Sources */ = {isa = PBXBuildFile; fileRef = 8467E40525F775BF00B45E68 /* Connect.swift */; };
		8467E40F25F7842D00B45E68 /* LoginResponse.swift in Sources */ = {isa = PBXBuildFile; fileRef = 8467E40E25F7842D00B45E68 /* LoginResponse.swift */; };
		8467E41625F78AF800B45E68 /* HomeViewController.swift in Sources */ = {isa = PBXBuildFile; fileRef = 8467E41525F78AF800B45E68 /* HomeViewController.swift */; };
		84CD8E3B262482B400E31D26 /* WithdrawCreateViewController.swift in Sources */ = {isa = PBXBuildFile; fileRef = 84CD8E3A262482B400E31D26 /* WithdrawCreateViewController.swift */; };
		84CD8F442627F96900E31D26 /* WithdrawInfo.swift in Sources */ = {isa = PBXBuildFile; fileRef = 84CD8F432627F96900E31D26 /* WithdrawInfo.swift */; };
		84CD8F4926282BEC00E31D26 /* WithdrawRequest.swift in Sources */ = {isa = PBXBuildFile; fileRef = 84CD8F4826282BEC00E31D26 /* WithdrawRequest.swift */; };
		84CD8F4F2628396100E31D26 /* ListScheduleViewController.swift in Sources */ = {isa = PBXBuildFile; fileRef = 84CD8F4E2628396100E31D26 /* ListScheduleViewController.swift */; };
		84CD8F5926283A7500E31D26 /* ListScheduleTableViewCell.swift in Sources */ = {isa = PBXBuildFile; fileRef = 84CD8F5726283A7500E31D26 /* ListScheduleTableViewCell.swift */; };
		84CD8F5A26283A7500E31D26 /* ListScheduleTableViewCell.xib in Resources */ = {isa = PBXBuildFile; fileRef = 84CD8F5826283A7500E31D26 /* ListScheduleTableViewCell.xib */; };
		84CD8F63262842A200E31D26 /* ScheduleList.swift in Sources */ = {isa = PBXBuildFile; fileRef = 84CD8F62262842A200E31D26 /* ScheduleList.swift */; };
		84CD8F6C2628448B00E31D26 /* ScheduleResponse.swift in Sources */ = {isa = PBXBuildFile; fileRef = 84CD8F6B2628448B00E31D26 /* ScheduleResponse.swift */; };
		9E01DD1F2B9E63A412ED2CE3 /* Pods_fiin_swift.framework in Frameworks */ = {isa = PBXBuildFile; fileRef = 275884D4ACD0BAC4A9F28E84 /* Pods_fiin_swift.framework */; };
/* End PBXBuildFile section */

/* Begin PBXContainerItemProxy section */
		8467E31D25F62C5F00B45E68 /* PBXContainerItemProxy */ = {
			isa = PBXContainerItemProxy;
			containerPortal = 8467E2FB25F62C5900B45E68 /* Project object */;
			proxyType = 1;
			remoteGlobalIDString = 8467E30225F62C5900B45E68;
			remoteInfo = fiin_swift;
		};
		8467E32825F62C5F00B45E68 /* PBXContainerItemProxy */ = {
			isa = PBXContainerItemProxy;
			containerPortal = 8467E2FB25F62C5900B45E68 /* Project object */;
			proxyType = 1;
			remoteGlobalIDString = 8467E30225F62C5900B45E68;
			remoteInfo = fiin_swift;
		};
/* End PBXContainerItemProxy section */

/* Begin PBXFileReference section */
		0EA0791E234620DB934D8997 /* Pods-fiin_swift-fiin_swiftUITests.debug.xcconfig */ = {isa = PBXFileReference; includeInIndex = 1; lastKnownFileType = text.xcconfig; name = "Pods-fiin_swift-fiin_swiftUITests.debug.xcconfig"; path = "Target Support Files/Pods-fiin_swift-fiin_swiftUITests/Pods-fiin_swift-fiin_swiftUITests.debug.xcconfig"; sourceTree = "<group>"; };
		275884D4ACD0BAC4A9F28E84 /* Pods_fiin_swift.framework */ = {isa = PBXFileReference; explicitFileType = wrapper.framework; includeInIndex = 0; path = Pods_fiin_swift.framework; sourceTree = BUILT_PRODUCTS_DIR; };
		53B26E787F895B7EF3C682C7 /* Pods-fiin_swift.release.xcconfig */ = {isa = PBXFileReference; includeInIndex = 1; lastKnownFileType = text.xcconfig; name = "Pods-fiin_swift.release.xcconfig"; path = "Target Support Files/Pods-fiin_swift/Pods-fiin_swift.release.xcconfig"; sourceTree = "<group>"; };
		79DED100F25841639042D6B5 /* Pods_fiin_swift_fiin_swiftUITests.framework */ = {isa = PBXFileReference; explicitFileType = wrapper.framework; includeInIndex = 0; path = Pods_fiin_swift_fiin_swiftUITests.framework; sourceTree = BUILT_PRODUCTS_DIR; };
		81D5C440E2D97D5685EF883A /* Pods-fiin_swift.debug.xcconfig */ = {isa = PBXFileReference; includeInIndex = 1; lastKnownFileType = text.xcconfig; name = "Pods-fiin_swift.debug.xcconfig"; path = "Target Support Files/Pods-fiin_swift/Pods-fiin_swift.debug.xcconfig"; sourceTree = "<group>"; };
		84000C2225F7BF0B00866863 /* Notification@3x.png */ = {isa = PBXFileReference; lastKnownFileType = image.png; path = "Notification@3x.png"; sourceTree = "<group>"; };
		84000C2725F7C06D00866863 /* Group 13@3x.png */ = {isa = PBXFileReference; lastKnownFileType = image.png; path = "Group 13@3x.png"; sourceTree = "<group>"; };
		84000C2C25F7E2D900866863 /* arr_right.png */ = {isa = PBXFileReference; lastKnownFileType = image.png; path = arr_right.png; sourceTree = "<group>"; };
		84000C3125F7E40000866863 /* borrrow.png */ = {isa = PBXFileReference; lastKnownFileType = image.png; path = borrrow.png; sourceTree = "<group>"; };
		84000C3625F7E7D000866863 /* lend.png */ = {isa = PBXFileReference; lastKnownFileType = image.png; path = lend.png; sourceTree = "<group>"; };
		84000C3B25F7E7FE00866863 /* deposit.png */ = {isa = PBXFileReference; lastKnownFileType = image.png; path = deposit.png; sourceTree = "<group>"; };
		84000C4025F7E82D00866863 /* withdraw.png */ = {isa = PBXFileReference; lastKnownFileType = image.png; path = withdraw.png; sourceTree = "<group>"; };
		84000C4925F8637900866863 /* BannerHomeCollectionViewCell.swift */ = {isa = PBXFileReference; lastKnownFileType = sourcecode.swift; path = BannerHomeCollectionViewCell.swift; sourceTree = "<group>"; };
		84000C5A25F8687500866863 /* banner.jpg */ = {isa = PBXFileReference; lastKnownFileType = image.jpeg; path = banner.jpg; sourceTree = "<group>"; };
		84000C7725F86B3800866863 /* banner2.png */ = {isa = PBXFileReference; lastKnownFileType = image.png; path = banner2.png; sourceTree = "<group>"; };
		84000C7C25F86BEA00866863 /* banner3.jpg */ = {isa = PBXFileReference; lastKnownFileType = image.jpeg; path = banner3.jpg; sourceTree = "<group>"; };
		84000C8125F873B700866863 /* Borrow TD@3x.png */ = {isa = PBXFileReference; lastKnownFileType = image.png; path = "Borrow TD@3x.png"; sourceTree = "<group>"; };
		84000C8625F873FC00866863 /* Borrow Trả Góp@3x.png */ = {isa = PBXFileReference; lastKnownFileType = image.png; path = "Borrow Trả Góp@3x.png"; sourceTree = "<group>"; };
		84000C8B25F8741600866863 /* Borrow %@3x.png */ = {isa = PBXFileReference; lastKnownFileType = image.png; path = "Borrow %@3x.png"; sourceTree = "<group>"; };
		84000C9025F8743000866863 /* Mobile Shoping@3x.png */ = {isa = PBXFileReference; lastKnownFileType = image.png; path = "Mobile Shoping@3x.png"; sourceTree = "<group>"; };
		84000C9525F8744800866863 /* Mobile Card@3x.png */ = {isa = PBXFileReference; lastKnownFileType = image.png; path = "Mobile Card@3x.png"; sourceTree = "<group>"; };
		84000C9A25F8745F00866863 /* Payment TD@3x.png */ = {isa = PBXFileReference; lastKnownFileType = image.png; path = "Payment TD@3x.png"; sourceTree = "<group>"; };
		84000C9F25F8747800866863 /* Reward2@3x.png */ = {isa = PBXFileReference; lastKnownFileType = image.png; path = "Reward2@3x.png"; sourceTree = "<group>"; };
		84000CA425F8748F00866863 /* add-friend@3x.png */ = {isa = PBXFileReference; lastKnownFileType = image.png; path = "add-friend@3x.png"; sourceTree = "<group>"; };
		84000CB325F8A89400866863 /* ModalSupportTicket.swift */ = {isa = PBXFileReference; lastKnownFileType = sourcecode.swift; path = ModalSupportTicket.swift; sourceTree = "<group>"; };
		84000CB825F8A8E100866863 /* ModalSupportTicket.xib */ = {isa = PBXFileReference; lastKnownFileType = file.xib; path = ModalSupportTicket.xib; sourceTree = "<group>"; };
		84000CBD25F8AFE600866863 /* messenger.png */ = {isa = PBXFileReference; lastKnownFileType = image.png; path = messenger.png; sourceTree = "<group>"; };
		84000CC225F8B01200866863 /* gmail_support.png */ = {isa = PBXFileReference; lastKnownFileType = image.png; path = gmail_support.png; sourceTree = "<group>"; };
		84000CC725F8B03800866863 /* phone_support.png */ = {isa = PBXFileReference; lastKnownFileType = image.png; path = phone_support.png; sourceTree = "<group>"; };
		84000CCC25F8B05B00866863 /* ib_support.png */ = {isa = PBXFileReference; lastKnownFileType = image.png; path = ib_support.png; sourceTree = "<group>"; };
		84000CD225F92D8B00866863 /* SupportTicketViewController.swift */ = {isa = PBXFileReference; lastKnownFileType = sourcecode.swift; path = SupportTicketViewController.swift; sourceTree = "<group>"; };
		84000CD825F9306E00866863 /* ListSupportTableViewCell.swift */ = {isa = PBXFileReference; lastKnownFileType = sourcecode.swift; path = ListSupportTableViewCell.swift; sourceTree = "<group>"; };
		84000CD925F9306E00866863 /* ListSupportTableViewCell.xib */ = {isa = PBXFileReference; lastKnownFileType = file.xib; path = ListSupportTableViewCell.xib; sourceTree = "<group>"; };
		84000F1E25FA176A00866863 /* ConstAPI.swift */ = {isa = PBXFileReference; lastKnownFileType = sourcecode.swift; path = ConstAPI.swift; sourceTree = "<group>"; };
		84000F2625FA1A8800866863 /* ListSupportResponse.swift */ = {isa = PBXFileReference; lastKnownFileType = sourcecode.swift; path = ListSupportResponse.swift; sourceTree = "<group>"; };
		84000F2C25FA230800866863 /* CreateSupportTicketViewController.swift */ = {isa = PBXFileReference; lastKnownFileType = sourcecode.swift; path = CreateSupportTicketViewController.swift; sourceTree = "<group>"; };
		84000F6D25FDC56900866863 /* DepositViewController.swift */ = {isa = PBXFileReference; lastKnownFileType = sourcecode.swift; path = DepositViewController.swift; sourceTree = "<group>"; };
		84000F7525FDCA2B00866863 /* DepositTutorialViewController.swift */ = {isa = PBXFileReference; lastKnownFileType = sourcecode.swift; path = DepositTutorialViewController.swift; sourceTree = "<group>"; };
		84000F8D25FF67CA00866863 /* BankInfoResponse.swift */ = {isa = PBXFileReference; lastKnownFileType = sourcecode.swift; path = BankInfoResponse.swift; sourceTree = "<group>"; };
		84000FAB25FF724C00866863 /* BalanceViewController.swift */ = {isa = PBXFileReference; lastKnownFileType = sourcecode.swift; path = BalanceViewController.swift; sourceTree = "<group>"; };
		840010992600B83800866863 /* ListBankInfoCollectionViewCell.swift */ = {isa = PBXFileReference; lastKnownFileType = sourcecode.swift; path = ListBankInfoCollectionViewCell.swift; sourceTree = "<group>"; };
		840010B72600C26C00866863 /* ColorExtensions.swift */ = {isa = PBXFileReference; lastKnownFileType = sourcecode.swift; path = ColorExtensions.swift; sourceTree = "<group>"; };
		840010C126019E7500866863 /* ActivityIndicatorPresenter.swift */ = {isa = PBXFileReference; lastKnownFileType = sourcecode.swift; path = ActivityIndicatorPresenter.swift; sourceTree = "<group>"; };
		840010CA2601F29200866863 /* AuthenticationService.swift */ = {isa = PBXFileReference; lastKnownFileType = sourcecode.swift; path = AuthenticationService.swift; sourceTree = "<group>"; };
		840010CF2601F9A100866863 /* BankInfoServices.swift */ = {isa = PBXFileReference; lastKnownFileType = sourcecode.swift; path = BankInfoServices.swift; sourceTree = "<group>"; };
		840010D72601FC6900866863 /* UserDataService.swift */ = {isa = PBXFileReference; lastKnownFileType = sourcecode.swift; path = UserDataService.swift; sourceTree = "<group>"; };
		840010E12602010400866863 /* index.swift */ = {isa = PBXFileReference; lastKnownFileType = sourcecode.swift; path = index.swift; sourceTree = "<group>"; };
		840010F6260209B700866863 /* BorrowViewController.swift */ = {isa = PBXFileReference; lastKnownFileType = sourcecode.swift; path = BorrowViewController.swift; sourceTree = "<group>"; };
		84273C8D260461C800CE50E3 /* ListBorrowResponse.swift */ = {isa = PBXFileReference; lastKnownFileType = sourcecode.swift; path = ListBorrowResponse.swift; sourceTree = "<group>"; };
		84273C952604827C00CE50E3 /* BorrowServices.swift */ = {isa = PBXFileReference; lastKnownFileType = sourcecode.swift; path = BorrowServices.swift; sourceTree = "<group>"; };
		84273C9A260483B200CE50E3 /* ViewExtension.swift */ = {isa = PBXFileReference; lastKnownFileType = sourcecode.swift; path = ViewExtension.swift; sourceTree = "<group>"; };
		84273D122604881B00CE50E3 /* BorrowListTableViewCell.swift */ = {isa = PBXFileReference; lastKnownFileType = sourcecode.swift; path = BorrowListTableViewCell.swift; sourceTree = "<group>"; };
		84273D132604881B00CE50E3 /* BorrowListTableViewCell.xib */ = {isa = PBXFileReference; lastKnownFileType = file.xib; path = BorrowListTableViewCell.xib; sourceTree = "<group>"; };
		84273D1C26048B9500CE50E3 /* StringExtensions.swift */ = {isa = PBXFileReference; lastKnownFileType = sourcecode.swift; path = StringExtensions.swift; sourceTree = "<group>"; };
		84273D2126048E9B00CE50E3 /* InfoUserResponse.swift */ = {isa = PBXFileReference; lastKnownFileType = sourcecode.swift; path = InfoUserResponse.swift; sourceTree = "<group>"; };
		84273D2626048FCC00CE50E3 /* InfoUser.swift */ = {isa = PBXFileReference; lastKnownFileType = sourcecode.swift; path = InfoUser.swift; sourceTree = "<group>"; };
		84273D2B26049D7400CE50E3 /* InfoLimitServices.swift */ = {isa = PBXFileReference; lastKnownFileType = sourcecode.swift; path = InfoLimitServices.swift; sourceTree = "<group>"; };
		84273D3026049DA600CE50E3 /* InfoLimitResponse.swift */ = {isa = PBXFileReference; lastKnownFileType = sourcecode.swift; path = InfoLimitResponse.swift; sourceTree = "<group>"; };
		84273D3526099D2800CE50E3 /* notice_icon.png */ = {isa = PBXFileReference; lastKnownFileType = image.png; path = notice_icon.png; sourceTree = "<group>"; };
		84273D3B2609A3DF00CE50E3 /* BorrowCreateViewController.swift */ = {isa = PBXFileReference; lastKnownFileType = sourcecode.swift; path = BorrowCreateViewController.swift; sourceTree = "<group>"; };
		84273D432609A5ED00CE50E3 /* check_success.png */ = {isa = PBXFileReference; lastKnownFileType = image.png; path = check_success.png; sourceTree = "<group>"; };
		84273D492609A6CB00CE50E3 /* TypeBorrowCollectionViewCell.swift */ = {isa = PBXFileReference; lastKnownFileType = sourcecode.swift; path = TypeBorrowCollectionViewCell.swift; sourceTree = "<group>"; };
		84273D592609CF2500CE50E3 /* BorrowOptionResponse.swift */ = {isa = PBXFileReference; lastKnownFileType = sourcecode.swift; path = BorrowOptionResponse.swift; sourceTree = "<group>"; };
		84273D5E2609E45A00CE50E3 /* Uncheck.png */ = {isa = PBXFileReference; lastKnownFileType = image.png; path = Uncheck.png; sourceTree = "<group>"; };
		84273D632609EFFD00CE50E3 /* TimeBorrowCollectionViewCell.swift */ = {isa = PBXFileReference; lastKnownFileType = sourcecode.swift; path = TimeBorrowCollectionViewCell.swift; sourceTree = "<group>"; };
		84273D68260A223D00CE50E3 /* promotion_borrow.png */ = {isa = PBXFileReference; lastKnownFileType = image.png; path = promotion_borrow.png; sourceTree = "<group>"; };
		84273D6D260A227400CE50E3 /* notice_promotion.png */ = {isa = PBXFileReference; lastKnownFileType = image.png; path = notice_promotion.png; sourceTree = "<group>"; };
		84273D96260C2D2600CE50E3 /* BorrowingContractConfirmResponse.swift */ = {isa = PBXFileReference; lastKnownFileType = sourcecode.swift; path = BorrowingContractConfirmResponse.swift; sourceTree = "<group>"; };
		84273D9B260DC57A00CE50E3 /* BorowConfirmViewController.swift */ = {isa = PBXFileReference; lastKnownFileType = sourcecode.swift; path = BorowConfirmViewController.swift; sourceTree = "<group>"; };
		84273DA0260DD9AE00CE50E3 /* question_icon.png */ = {isa = PBXFileReference; lastKnownFileType = image.png; path = question_icon.png; sourceTree = "<group>"; };
		84273DA6260DE58B00CE50E3 /* LoadingViewController.swift */ = {isa = PBXFileReference; lastKnownFileType = sourcecode.swift; path = LoadingViewController.swift; sourceTree = "<group>"; };
		84273DB1260F1CD500CE50E3 /* ListBorrowProcessItemTableViewCell.swift */ = {isa = PBXFileReference; lastKnownFileType = sourcecode.swift; path = ListBorrowProcessItemTableViewCell.swift; sourceTree = "<group>"; };
		84273DB2260F1CD500CE50E3 /* ListBorrowProcessItemTableViewCell.xib */ = {isa = PBXFileReference; lastKnownFileType = file.xib; path = ListBorrowProcessItemTableViewCell.xib; sourceTree = "<group>"; };
		84273DBB2611885A00CE50E3 /* ic_info_borrow.png */ = {isa = PBXFileReference; lastKnownFileType = image.png; path = ic_info_borrow.png; sourceTree = "<group>"; };
		84273DC026118D5500CE50E3 /* BorrowTutorialViewController.swift */ = {isa = PBXFileReference; lastKnownFileType = sourcecode.swift; path = BorrowTutorialViewController.swift; sourceTree = "<group>"; };
		84273DC52611BD9800CE50E3 /* BorrowConfirmResponse.swift */ = {isa = PBXFileReference; lastKnownFileType = sourcecode.swift; path = BorrowConfirmResponse.swift; sourceTree = "<group>"; };
		84273DCA2611C8B200CE50E3 /* BorrowDetailViewController.swift */ = {isa = PBXFileReference; lastKnownFileType = sourcecode.swift; path = BorrowDetailViewController.swift; sourceTree = "<group>"; };
		84273DCF2611CB1000CE50E3 /* BorrowDetailResponse.swift */ = {isa = PBXFileReference; lastKnownFileType = sourcecode.swift; path = BorrowDetailResponse.swift; sourceTree = "<group>"; };
		84273DD72612C62D00CE50E3 /* loading1.gif */ = {isa = PBXFileReference; lastKnownFileType = image.gif; path = loading1.gif; sourceTree = "<group>"; };
		84273DE8261306D800CE50E3 /* WithdrawViewController.swift */ = {isa = PBXFileReference; lastKnownFileType = sourcecode.swift; path = WithdrawViewController.swift; sourceTree = "<group>"; };
		84273DF026130A2D00CE50E3 /* calendar_icon.png */ = {isa = PBXFileReference; lastKnownFileType = image.png; path = calendar_icon.png; sourceTree = "<group>"; };
		84273DF926130B8A00CE50E3 /* ListWithdrawItemTableViewCell.swift */ = {isa = PBXFileReference; lastKnownFileType = sourcecode.swift; path = ListWithdrawItemTableViewCell.swift; sourceTree = "<group>"; };
		84273DFA26130B8A00CE50E3 /* ListWithdrawItemTableViewCell.xib */ = {isa = PBXFileReference; lastKnownFileType = file.xib; path = ListWithdrawItemTableViewCell.xib; sourceTree = "<group>"; };
		84273E0426140BB900CE50E3 /* ListWithdraw.swift */ = {isa = PBXFileReference; lastKnownFileType = sourcecode.swift; path = ListWithdraw.swift; sourceTree = "<group>"; };
		84273E0C26140C4600CE50E3 /* WithdrawResponse.swift */ = {isa = PBXFileReference; lastKnownFileType = sourcecode.swift; path = WithdrawResponse.swift; sourceTree = "<group>"; };
		8467E30325F62C5900B45E68 /* fiin_swift.app */ = {isa = PBXFileReference; explicitFileType = wrapper.application; includeInIndex = 0; path = fiin_swift.app; sourceTree = BUILT_PRODUCTS_DIR; };
		8467E30625F62C5900B45E68 /* AppDelegate.swift */ = {isa = PBXFileReference; lastKnownFileType = sourcecode.swift; path = AppDelegate.swift; sourceTree = "<group>"; };
		8467E30825F62C5900B45E68 /* SceneDelegate.swift */ = {isa = PBXFileReference; lastKnownFileType = sourcecode.swift; path = SceneDelegate.swift; sourceTree = "<group>"; };
		8467E30A25F62C5900B45E68 /* ViewController.swift */ = {isa = PBXFileReference; lastKnownFileType = sourcecode.swift; path = ViewController.swift; sourceTree = "<group>"; };
		8467E30D25F62C5900B45E68 /* Base */ = {isa = PBXFileReference; lastKnownFileType = file.storyboard; name = Base; path = Base.lproj/Main.storyboard; sourceTree = "<group>"; };
		8467E31025F62C5900B45E68 /* fiin_swift.xcdatamodel */ = {isa = PBXFileReference; lastKnownFileType = wrapper.xcdatamodel; path = fiin_swift.xcdatamodel; sourceTree = "<group>"; };
		8467E31225F62C5E00B45E68 /* Assets.xcassets */ = {isa = PBXFileReference; lastKnownFileType = folder.assetcatalog; path = Assets.xcassets; sourceTree = "<group>"; };
		8467E31525F62C5E00B45E68 /* Base */ = {isa = PBXFileReference; lastKnownFileType = file.storyboard; name = Base; path = Base.lproj/LaunchScreen.storyboard; sourceTree = "<group>"; };
		8467E31725F62C5E00B45E68 /* Info.plist */ = {isa = PBXFileReference; lastKnownFileType = text.plist.xml; path = Info.plist; sourceTree = "<group>"; };
		8467E31C25F62C5F00B45E68 /* fiin_swiftTests.xctest */ = {isa = PBXFileReference; explicitFileType = wrapper.cfbundle; includeInIndex = 0; path = fiin_swiftTests.xctest; sourceTree = BUILT_PRODUCTS_DIR; };
		8467E32025F62C5F00B45E68 /* fiin_swiftTests.swift */ = {isa = PBXFileReference; lastKnownFileType = sourcecode.swift; path = fiin_swiftTests.swift; sourceTree = "<group>"; };
		8467E32225F62C5F00B45E68 /* Info.plist */ = {isa = PBXFileReference; lastKnownFileType = text.plist.xml; path = Info.plist; sourceTree = "<group>"; };
		8467E32725F62C5F00B45E68 /* fiin_swiftUITests.xctest */ = {isa = PBXFileReference; explicitFileType = wrapper.cfbundle; includeInIndex = 0; path = fiin_swiftUITests.xctest; sourceTree = BUILT_PRODUCTS_DIR; };
		8467E32B25F62C5F00B45E68 /* fiin_swiftUITests.swift */ = {isa = PBXFileReference; lastKnownFileType = sourcecode.swift; path = fiin_swiftUITests.swift; sourceTree = "<group>"; };
		8467E32D25F62C5F00B45E68 /* Info.plist */ = {isa = PBXFileReference; lastKnownFileType = text.plist.xml; path = Info.plist; sourceTree = "<group>"; };
		8467E37025F6371D00B45E68 /* logo@3x.png */ = {isa = PBXFileReference; lastKnownFileType = image.png; path = "logo@3x.png"; sourceTree = "<group>"; };
		8467E37B25F63A0C00B45E68 /* LoginViewController.swift */ = {isa = PBXFileReference; lastKnownFileType = sourcecode.swift; path = LoginViewController.swift; sourceTree = "<group>"; };
		8467E38725F63B3700B45E68 /* Phone@3x.png */ = {isa = PBXFileReference; lastKnownFileType = image.png; path = "Phone@3x.png"; sourceTree = "<group>"; };
		8467E38C25F63B4200B45E68 /* Lock@3x.png */ = {isa = PBXFileReference; lastKnownFileType = image.png; path = "Lock@3x.png"; sourceTree = "<group>"; };
		8467E39125F710A200B45E68 /* EyeInactive@3x.png */ = {isa = PBXFileReference; lastKnownFileType = image.png; path = "EyeInactive@3x.png"; sourceTree = "<group>"; };
		8467E39625F712CE00B45E68 /* Primary@3x.png */ = {isa = PBXFileReference; lastKnownFileType = image.png; path = "Primary@3x.png"; sourceTree = "<group>"; };
		8467E3A325F7187900B45E68 /* image@3x.png */ = {isa = PBXFileReference; lastKnownFileType = image.png; path = "image@3x.png"; sourceTree = "<group>"; };
		8467E3E425F736FA00B45E68 /* arrowBackLeft@3x.png */ = {isa = PBXFileReference; lastKnownFileType = image.png; path = "arrowBackLeft@3x.png"; sourceTree = "<group>"; };
		8467E3EB25F75B7900B45E68 /* TermViewController.swift */ = {isa = PBXFileReference; lastKnownFileType = sourcecode.swift; path = TermViewController.swift; sourceTree = "<group>"; };
		8467E3F525F7677300B45E68 /* CreateAccountViewController.swift */ = {isa = PBXFileReference; lastKnownFileType = sourcecode.swift; path = CreateAccountViewController.swift; sourceTree = "<group>"; };
		8467E40025F7690F00B45E68 /* eyeOutActive.png */ = {isa = PBXFileReference; lastKnownFileType = image.png; path = eyeOutActive.png; sourceTree = "<group>"; };
		8467E40525F775BF00B45E68 /* Connect.swift */ = {isa = PBXFileReference; lastKnownFileType = sourcecode.swift; path = Connect.swift; sourceTree = "<group>"; };
		8467E40E25F7842D00B45E68 /* LoginResponse.swift */ = {isa = PBXFileReference; lastKnownFileType = sourcecode.swift; path = LoginResponse.swift; sourceTree = "<group>"; };
		8467E41525F78AF800B45E68 /* HomeViewController.swift */ = {isa = PBXFileReference; lastKnownFileType = sourcecode.swift; path = HomeViewController.swift; sourceTree = "<group>"; };
		84CD8E3A262482B400E31D26 /* WithdrawCreateViewController.swift */ = {isa = PBXFileReference; lastKnownFileType = sourcecode.swift; path = WithdrawCreateViewController.swift; sourceTree = "<group>"; };
		84CD8F432627F96900E31D26 /* WithdrawInfo.swift */ = {isa = PBXFileReference; lastKnownFileType = sourcecode.swift; path = WithdrawInfo.swift; sourceTree = "<group>"; };
		84CD8F4826282BEC00E31D26 /* WithdrawRequest.swift */ = {isa = PBXFileReference; lastKnownFileType = sourcecode.swift; path = WithdrawRequest.swift; sourceTree = "<group>"; };
		84CD8F4E2628396100E31D26 /* ListScheduleViewController.swift */ = {isa = PBXFileReference; lastKnownFileType = sourcecode.swift; path = ListScheduleViewController.swift; sourceTree = "<group>"; };
		84CD8F5726283A7500E31D26 /* ListScheduleTableViewCell.swift */ = {isa = PBXFileReference; lastKnownFileType = sourcecode.swift; path = ListScheduleTableViewCell.swift; sourceTree = "<group>"; };
		84CD8F5826283A7500E31D26 /* ListScheduleTableViewCell.xib */ = {isa = PBXFileReference; lastKnownFileType = file.xib; path = ListScheduleTableViewCell.xib; sourceTree = "<group>"; };
		84CD8F62262842A200E31D26 /* ScheduleList.swift */ = {isa = PBXFileReference; lastKnownFileType = sourcecode.swift; path = ScheduleList.swift; sourceTree = "<group>"; };
		84CD8F6B2628448B00E31D26 /* ScheduleResponse.swift */ = {isa = PBXFileReference; lastKnownFileType = sourcecode.swift; path = ScheduleResponse.swift; sourceTree = "<group>"; };
		8D1AB5B3CB127F497A2A3492 /* Pods-fiin_swift-fiin_swiftUITests.release.xcconfig */ = {isa = PBXFileReference; includeInIndex = 1; lastKnownFileType = text.xcconfig; name = "Pods-fiin_swift-fiin_swiftUITests.release.xcconfig"; path = "Target Support Files/Pods-fiin_swift-fiin_swiftUITests/Pods-fiin_swift-fiin_swiftUITests.release.xcconfig"; sourceTree = "<group>"; };
		97F5DC4F1011ECC86535E70B /* Pods-fiin_swiftTests.release.xcconfig */ = {isa = PBXFileReference; includeInIndex = 1; lastKnownFileType = text.xcconfig; name = "Pods-fiin_swiftTests.release.xcconfig"; path = "Target Support Files/Pods-fiin_swiftTests/Pods-fiin_swiftTests.release.xcconfig"; sourceTree = "<group>"; };
		C19382F0E96112B9B9804A75 /* Pods-fiin_swiftTests.debug.xcconfig */ = {isa = PBXFileReference; includeInIndex = 1; lastKnownFileType = text.xcconfig; name = "Pods-fiin_swiftTests.debug.xcconfig"; path = "Target Support Files/Pods-fiin_swiftTests/Pods-fiin_swiftTests.debug.xcconfig"; sourceTree = "<group>"; };
		D0B2C6AB400DFB882D3949C4 /* Pods_fiin_swiftTests.framework */ = {isa = PBXFileReference; explicitFileType = wrapper.framework; includeInIndex = 0; path = Pods_fiin_swiftTests.framework; sourceTree = BUILT_PRODUCTS_DIR; };
/* End PBXFileReference section */

/* Begin PBXFrameworksBuildPhase section */
		8467E30025F62C5900B45E68 /* Frameworks */ = {
			isa = PBXFrameworksBuildPhase;
			buildActionMask = 2147483647;
			files = (
				9E01DD1F2B9E63A412ED2CE3 /* Pods_fiin_swift.framework in Frameworks */,
			);
			runOnlyForDeploymentPostprocessing = 0;
		};
		8467E31925F62C5F00B45E68 /* Frameworks */ = {
			isa = PBXFrameworksBuildPhase;
			buildActionMask = 2147483647;
			files = (
				1B86B2DE7ECFDEE076F91E36 /* Pods_fiin_swiftTests.framework in Frameworks */,
			);
			runOnlyForDeploymentPostprocessing = 0;
		};
		8467E32425F62C5F00B45E68 /* Frameworks */ = {
			isa = PBXFrameworksBuildPhase;
			buildActionMask = 2147483647;
			files = (
				0A04583E733FB15E6EB771B2 /* Pods_fiin_swift_fiin_swiftUITests.framework in Frameworks */,
			);
			runOnlyForDeploymentPostprocessing = 0;
		};
/* End PBXFrameworksBuildPhase section */

/* Begin PBXGroup section */
		69F2784D908DE396899BAF7A /* Frameworks */ = {
			isa = PBXGroup;
			children = (
				275884D4ACD0BAC4A9F28E84 /* Pods_fiin_swift.framework */,
				79DED100F25841639042D6B5 /* Pods_fiin_swift_fiin_swiftUITests.framework */,
				D0B2C6AB400DFB882D3949C4 /* Pods_fiin_swiftTests.framework */,
			);
			name = Frameworks;
			sourceTree = "<group>";
		};
		84000C4525F8633F00866863 /* component */ = {
			isa = PBXGroup;
			children = (
				84000C4925F8637900866863 /* BannerHomeCollectionViewCell.swift */,
				84000CB325F8A89400866863 /* ModalSupportTicket.swift */,
				84000CB825F8A8E100866863 /* ModalSupportTicket.xib */,
			);
			path = component;
			sourceTree = "<group>";
		};
		84000CD125F92D6B00866863 /* ListSupportTicket */ = {
			isa = PBXGroup;
			children = (
				84000CD725F9304100866863 /* component */,
				84000CD225F92D8B00866863 /* SupportTicketViewController.swift */,
			);
			path = ListSupportTicket;
			sourceTree = "<group>";
		};
		84000CD725F9304100866863 /* component */ = {
			isa = PBXGroup;
			children = (
				84000CD825F9306E00866863 /* ListSupportTableViewCell.swift */,
				84000CD925F9306E00866863 /* ListSupportTableViewCell.xib */,
			);
			path = component;
			sourceTree = "<group>";
		};
		84000F1D25FA174800866863 /* Core */ = {
			isa = PBXGroup;
			children = (
				84000F1E25FA176A00866863 /* ConstAPI.swift */,
			);
			path = Core;
			sourceTree = "<group>";
		};
		84000F2B25FA22CF00866863 /* CreateSupportTicket */ = {
			isa = PBXGroup;
			children = (
				84000F2C25FA230800866863 /* CreateSupportTicketViewController.swift */,
			);
			path = CreateSupportTicket;
			sourceTree = "<group>";
		};
		84000F6525FDC4A900866863 /* Support */ = {
			isa = PBXGroup;
			children = (
				84000CD125F92D6B00866863 /* ListSupportTicket */,
				84000F2B25FA22CF00866863 /* CreateSupportTicket */,
			);
			path = Support;
			sourceTree = "<group>";
		};
		84000F6925FDC51700866863 /* Deposit */ = {
			isa = PBXGroup;
			children = (
				84000F6C25FDC54B00866863 /* DepositTutorial */,
				84000F6B25FDC54300866863 /* Deposit */,
			);
			path = Deposit;
			sourceTree = "<group>";
		};
		84000F6B25FDC54300866863 /* Deposit */ = {
			isa = PBXGroup;
			children = (
				84000F6D25FDC56900866863 /* DepositViewController.swift */,
			);
			path = Deposit;
			sourceTree = "<group>";
		};
		84000F6C25FDC54B00866863 /* DepositTutorial */ = {
			isa = PBXGroup;
			children = (
				84000F7A25FEF78D00866863 /* cell */,
				84000F7525FDCA2B00866863 /* DepositTutorialViewController.swift */,
			);
			path = DepositTutorial;
			sourceTree = "<group>";
		};
		84000F7A25FEF78D00866863 /* cell */ = {
			isa = PBXGroup;
			children = (
				840010992600B83800866863 /* ListBankInfoCollectionViewCell.swift */,
			);
			path = cell;
			sourceTree = "<group>";
		};
		84000FAA25FF722A00866863 /* Balance */ = {
			isa = PBXGroup;
			children = (
				84000FAB25FF724C00866863 /* BalanceViewController.swift */,
			);
			path = Balance;
			sourceTree = "<group>";
		};
		840010B62600C1E900866863 /* Extensions */ = {
			isa = PBXGroup;
			children = (
				840010B72600C26C00866863 /* ColorExtensions.swift */,
				84273C9A260483B200CE50E3 /* ViewExtension.swift */,
				84273D1C26048B9500CE50E3 /* StringExtensions.swift */,
			);
			path = Extensions;
			sourceTree = "<group>";
		};
		840010BF26019E5900866863 /* Common */ = {
			isa = PBXGroup;
			children = (
				840010C026019E6400866863 /* Protocols */,
			);
			path = Common;
			sourceTree = "<group>";
		};
		840010C026019E6400866863 /* Protocols */ = {
			isa = PBXGroup;
			children = (
				840010C126019E7500866863 /* ActivityIndicatorPresenter.swift */,
			);
			path = Protocols;
			sourceTree = "<group>";
		};
		840010C92601F27E00866863 /* Service */ = {
			isa = PBXGroup;
			children = (
				840010CA2601F29200866863 /* AuthenticationService.swift */,
				840010CF2601F9A100866863 /* BankInfoServices.swift */,
				840010D72601FC6900866863 /* UserDataService.swift */,
				84273C952604827C00CE50E3 /* BorrowServices.swift */,
				84273D2626048FCC00CE50E3 /* InfoUser.swift */,
				84273D2B26049D7400CE50E3 /* InfoLimitServices.swift */,
				84273E0C26140C4600CE50E3 /* WithdrawResponse.swift */,
				84CD8F6B2628448B00E31D26 /* ScheduleResponse.swift */,
			);
			path = Service;
			sourceTree = "<group>";
		};
		840010F52602098E00866863 /* Borrow */ = {
			isa = PBXGroup;
			children = (
				84273D482609A6AE00CE50E3 /* component */,
				840010F6260209B700866863 /* BorrowViewController.swift */,
				84273D3B2609A3DF00CE50E3 /* BorrowCreateViewController.swift */,
				84273D9B260DC57A00CE50E3 /* BorowConfirmViewController.swift */,
				84273DC026118D5500CE50E3 /* BorrowTutorialViewController.swift */,
				84273DCA2611C8B200CE50E3 /* BorrowDetailViewController.swift */,
			);
			path = Borrow;
			sourceTree = "<group>";
		};
		840010FE260215C300866863 /* Component */ = {
			isa = PBXGroup;
			children = (
				84CD8F5626283A5800E31D26 /* ListScheduleItem */,
				84273DF826130B6C00CE50E3 /* ListWithdrawItem */,
				84273DB0260F1CA600CE50E3 /* ListBorrowProcessItem */,
				84273DA5260DE4F300CE50E3 /* LoadingView */,
				84273D77260AEA2A00CE50E3 /* PickerView */,
				840010FF260215CF00866863 /* ListBorrowItem */,
			);
			path = Component;
			sourceTree = "<group>";
		};
		840010FF260215CF00866863 /* ListBorrowItem */ = {
			isa = PBXGroup;
			children = (
				84273D122604881B00CE50E3 /* BorrowListTableViewCell.swift */,
				84273D132604881B00CE50E3 /* BorrowListTableViewCell.xib */,
			);
			path = ListBorrowItem;
			sourceTree = "<group>";
		};
		84273C8C260461B600CE50E3 /* Borrow */ = {
			isa = PBXGroup;
			children = (
				84273C8D260461C800CE50E3 /* ListBorrowResponse.swift */,
				84273D592609CF2500CE50E3 /* BorrowOptionResponse.swift */,
				84273D96260C2D2600CE50E3 /* BorrowingContractConfirmResponse.swift */,
				84273DC52611BD9800CE50E3 /* BorrowConfirmResponse.swift */,
				84273DCF2611CB1000CE50E3 /* BorrowDetailResponse.swift */,
			);
			path = Borrow;
			sourceTree = "<group>";
		};
		84273D482609A6AE00CE50E3 /* component */ = {
			isa = PBXGroup;
			children = (
				84273D492609A6CB00CE50E3 /* TypeBorrowCollectionViewCell.swift */,
				84273D632609EFFD00CE50E3 /* TimeBorrowCollectionViewCell.swift */,
			);
			path = component;
			sourceTree = "<group>";
		};
		84273D77260AEA2A00CE50E3 /* PickerView */ = {
			isa = PBXGroup;
			children = (
			);
			path = PickerView;
			sourceTree = "<group>";
		};
		84273DA5260DE4F300CE50E3 /* LoadingView */ = {
			isa = PBXGroup;
			children = (
				84273DA6260DE58B00CE50E3 /* LoadingViewController.swift */,
			);
			path = LoadingView;
			sourceTree = "<group>";
		};
		84273DB0260F1CA600CE50E3 /* ListBorrowProcessItem */ = {
			isa = PBXGroup;
			children = (
				84273DB1260F1CD500CE50E3 /* ListBorrowProcessItemTableViewCell.swift */,
				84273DB2260F1CD500CE50E3 /* ListBorrowProcessItemTableViewCell.xib */,
			);
			path = ListBorrowProcessItem;
			sourceTree = "<group>";
		};
		84273DE7261306C000CE50E3 /* Withdraw */ = {
			isa = PBXGroup;
			children = (
				84273DE8261306D800CE50E3 /* WithdrawViewController.swift */,
				84CD8E3A262482B400E31D26 /* WithdrawCreateViewController.swift */,
			);
			path = Withdraw;
			sourceTree = "<group>";
		};
		84273DF826130B6C00CE50E3 /* ListWithdrawItem */ = {
			isa = PBXGroup;
			children = (
				84273DF926130B8A00CE50E3 /* ListWithdrawItemTableViewCell.swift */,
				84273DFA26130B8A00CE50E3 /* ListWithdrawItemTableViewCell.xib */,
			);
			path = ListWithdrawItem;
			sourceTree = "<group>";
		};
		84273E0326140BA100CE50E3 /* Withdraw */ = {
			isa = PBXGroup;
			children = (
				84273E0426140BB900CE50E3 /* ListWithdraw.swift */,
				84CD8F432627F96900E31D26 /* WithdrawInfo.swift */,
				84CD8F4826282BEC00E31D26 /* WithdrawRequest.swift */,
			);
			path = Withdraw;
			sourceTree = "<group>";
		};
		8467E2FA25F62C5800B45E68 = {
			isa = PBXGroup;
			children = (
				8467E30525F62C5900B45E68 /* fiin_swift */,
				8467E31F25F62C5F00B45E68 /* fiin_swiftTests */,
				8467E32A25F62C5F00B45E68 /* fiin_swiftUITests */,
				8467E30425F62C5900B45E68 /* Products */,
				B95B13DB430BFCECCDA59888 /* Pods */,
				69F2784D908DE396899BAF7A /* Frameworks */,
			);
			sourceTree = "<group>";
		};
		8467E30425F62C5900B45E68 /* Products */ = {
			isa = PBXGroup;
			children = (
				8467E30325F62C5900B45E68 /* fiin_swift.app */,
				8467E31C25F62C5F00B45E68 /* fiin_swiftTests.xctest */,
				8467E32725F62C5F00B45E68 /* fiin_swiftUITests.xctest */,
			);
			name = Products;
			sourceTree = "<group>";
		};
		8467E30525F62C5900B45E68 /* fiin_swift */ = {
			isa = PBXGroup;
			children = (
				840010FE260215C300866863 /* Component */,
				840010C92601F27E00866863 /* Service */,
				840010BF26019E5900866863 /* Common */,
				840010B62600C1E900866863 /* Extensions */,
				84000F1D25FA174800866863 /* Core */,
				8467E40D25F7840D00B45E68 /* Model */,
				8467E37A25F639F900B45E68 /* Container */,
				8467E36C25F6327100B45E68 /* Connect */,
				8467E36B25F6326300B45E68 /* Assest */,
				8467E30625F62C5900B45E68 /* AppDelegate.swift */,
				8467E30825F62C5900B45E68 /* SceneDelegate.swift */,
				8467E30A25F62C5900B45E68 /* ViewController.swift */,
				8467E30C25F62C5900B45E68 /* Main.storyboard */,
				8467E31225F62C5E00B45E68 /* Assets.xcassets */,
				8467E31425F62C5E00B45E68 /* LaunchScreen.storyboard */,
				8467E31725F62C5E00B45E68 /* Info.plist */,
				8467E30F25F62C5900B45E68 /* fiin_swift.xcdatamodeld */,
			);
			path = fiin_swift;
			sourceTree = "<group>";
		};
		8467E31F25F62C5F00B45E68 /* fiin_swiftTests */ = {
			isa = PBXGroup;
			children = (
				8467E32025F62C5F00B45E68 /* fiin_swiftTests.swift */,
				8467E32225F62C5F00B45E68 /* Info.plist */,
			);
			path = fiin_swiftTests;
			sourceTree = "<group>";
		};
		8467E32A25F62C5F00B45E68 /* fiin_swiftUITests */ = {
			isa = PBXGroup;
			children = (
				8467E32B25F62C5F00B45E68 /* fiin_swiftUITests.swift */,
				8467E32D25F62C5F00B45E68 /* Info.plist */,
			);
			path = fiin_swiftUITests;
			sourceTree = "<group>";
		};
		8467E36B25F6326300B45E68 /* Assest */ = {
			isa = PBXGroup;
			children = (
				84273DF026130A2D00CE50E3 /* calendar_icon.png */,
				84273DD72612C62D00CE50E3 /* loading1.gif */,
				84273DBB2611885A00CE50E3 /* ic_info_borrow.png */,
				84273DA0260DD9AE00CE50E3 /* question_icon.png */,
				84273D6D260A227400CE50E3 /* notice_promotion.png */,
				84273D68260A223D00CE50E3 /* promotion_borrow.png */,
				84273D5E2609E45A00CE50E3 /* Uncheck.png */,
				84273D432609A5ED00CE50E3 /* check_success.png */,
				84273D3526099D2800CE50E3 /* notice_icon.png */,
				84000CCC25F8B05B00866863 /* ib_support.png */,
				84000CC725F8B03800866863 /* phone_support.png */,
				84000CC225F8B01200866863 /* gmail_support.png */,
				84000CBD25F8AFE600866863 /* messenger.png */,
				84000CA425F8748F00866863 /* add-friend@3x.png */,
				84000C9F25F8747800866863 /* Reward2@3x.png */,
				84000C9A25F8745F00866863 /* Payment TD@3x.png */,
				84000C9525F8744800866863 /* Mobile Card@3x.png */,
				84000C9025F8743000866863 /* Mobile Shoping@3x.png */,
				84000C8B25F8741600866863 /* Borrow %@3x.png */,
				84000C8625F873FC00866863 /* Borrow Trả Góp@3x.png */,
				84000C8125F873B700866863 /* Borrow TD@3x.png */,
				84000C7C25F86BEA00866863 /* banner3.jpg */,
				84000C7725F86B3800866863 /* banner2.png */,
				84000C5A25F8687500866863 /* banner.jpg */,
				84000C4025F7E82D00866863 /* withdraw.png */,
				84000C3B25F7E7FE00866863 /* deposit.png */,
				84000C3625F7E7D000866863 /* lend.png */,
				84000C3125F7E40000866863 /* borrrow.png */,
				84000C2C25F7E2D900866863 /* arr_right.png */,
				84000C2725F7C06D00866863 /* Group 13@3x.png */,
				84000C2225F7BF0B00866863 /* Notification@3x.png */,
				8467E40025F7690F00B45E68 /* eyeOutActive.png */,
				8467E3E425F736FA00B45E68 /* arrowBackLeft@3x.png */,
				8467E3A325F7187900B45E68 /* image@3x.png */,
				8467E39625F712CE00B45E68 /* Primary@3x.png */,
				8467E39125F710A200B45E68 /* EyeInactive@3x.png */,
				8467E38C25F63B4200B45E68 /* Lock@3x.png */,
				8467E38725F63B3700B45E68 /* Phone@3x.png */,
				8467E37025F6371D00B45E68 /* logo@3x.png */,
			);
			path = Assest;
			sourceTree = "<group>";
		};
		8467E36C25F6327100B45E68 /* Connect */ = {
			isa = PBXGroup;
			children = (
				8467E40525F775BF00B45E68 /* Connect.swift */,
			);
			path = Connect;
			sourceTree = "<group>";
		};
		8467E37A25F639F900B45E68 /* Container */ = {
			isa = PBXGroup;
			children = (
				84CD8F4D2628394E00E31D26 /* Schedule */,
				84273DE7261306C000CE50E3 /* Withdraw */,
				840010F52602098E00866863 /* Borrow */,
				84000FAA25FF722A00866863 /* Balance */,
				84000F6925FDC51700866863 /* Deposit */,
				84000F6525FDC4A900866863 /* Support */,
				8467E41325F78ADD00B45E68 /* Home */,
				8467E3F325F7675300B45E68 /* Authen */,
			);
			path = Container;
			sourceTree = "<group>";
		};
		8467E38325F63A1300B45E68 /* Login */ = {
			isa = PBXGroup;
			children = (
				8467E37B25F63A0C00B45E68 /* LoginViewController.swift */,
			);
			path = Login;
			sourceTree = "<group>";
		};
		8467E3E925F75B3600B45E68 /* Term */ = {
			isa = PBXGroup;
			children = (
				8467E3EB25F75B7900B45E68 /* TermViewController.swift */,
			);
			path = Term;
			sourceTree = "<group>";
		};
		8467E3F325F7675300B45E68 /* Authen */ = {
			isa = PBXGroup;
			children = (
				8467E3F425F7675F00B45E68 /* CreateAccount */,
				8467E38325F63A1300B45E68 /* Login */,
				8467E3E925F75B3600B45E68 /* Term */,
			);
			path = Authen;
			sourceTree = "<group>";
		};
		8467E3F425F7675F00B45E68 /* CreateAccount */ = {
			isa = PBXGroup;
			children = (
				8467E3F525F7677300B45E68 /* CreateAccountViewController.swift */,
			);
			path = CreateAccount;
			sourceTree = "<group>";
		};
		8467E40D25F7840D00B45E68 /* Model */ = {
			isa = PBXGroup;
			children = (
				84CD8F612628428A00E31D26 /* Schedule */,
				84273E0326140BA100CE50E3 /* Withdraw */,
				84273C8C260461B600CE50E3 /* Borrow */,
				8467E40E25F7842D00B45E68 /* LoginResponse.swift */,
				84000F2625FA1A8800866863 /* ListSupportResponse.swift */,
				84000F8D25FF67CA00866863 /* BankInfoResponse.swift */,
				840010E12602010400866863 /* index.swift */,
				84273D2126048E9B00CE50E3 /* InfoUserResponse.swift */,
				84273D3026049DA600CE50E3 /* InfoLimitResponse.swift */,
			);
			path = Model;
			sourceTree = "<group>";
		};
		8467E41325F78ADD00B45E68 /* Home */ = {
			isa = PBXGroup;
			children = (
				84000C4525F8633F00866863 /* component */,
				8467E41525F78AF800B45E68 /* HomeViewController.swift */,
			);
			path = Home;
			sourceTree = "<group>";
		};
		84CD8F4D2628394E00E31D26 /* Schedule */ = {
			isa = PBXGroup;
			children = (
				84CD8F4E2628396100E31D26 /* ListScheduleViewController.swift */,
			);
			path = Schedule;
			sourceTree = "<group>";
		};
		84CD8F5626283A5800E31D26 /* ListScheduleItem */ = {
			isa = PBXGroup;
			children = (
				84CD8F5726283A7500E31D26 /* ListScheduleTableViewCell.swift */,
				84CD8F5826283A7500E31D26 /* ListScheduleTableViewCell.xib */,
			);
			path = ListScheduleItem;
			sourceTree = "<group>";
		};
		84CD8F612628428A00E31D26 /* Schedule */ = {
			isa = PBXGroup;
			children = (
				84CD8F62262842A200E31D26 /* ScheduleList.swift */,
			);
			path = Schedule;
			sourceTree = "<group>";
		};
		B95B13DB430BFCECCDA59888 /* Pods */ = {
			isa = PBXGroup;
			children = (
				81D5C440E2D97D5685EF883A /* Pods-fiin_swift.debug.xcconfig */,
				53B26E787F895B7EF3C682C7 /* Pods-fiin_swift.release.xcconfig */,
				0EA0791E234620DB934D8997 /* Pods-fiin_swift-fiin_swiftUITests.debug.xcconfig */,
				8D1AB5B3CB127F497A2A3492 /* Pods-fiin_swift-fiin_swiftUITests.release.xcconfig */,
				C19382F0E96112B9B9804A75 /* Pods-fiin_swiftTests.debug.xcconfig */,
				97F5DC4F1011ECC86535E70B /* Pods-fiin_swiftTests.release.xcconfig */,
			);
			path = Pods;
			sourceTree = "<group>";
		};
/* End PBXGroup section */

/* Begin PBXNativeTarget section */
		8467E30225F62C5900B45E68 /* fiin_swift */ = {
			isa = PBXNativeTarget;
			buildConfigurationList = 8467E33025F62C5F00B45E68 /* Build configuration list for PBXNativeTarget "fiin_swift" */;
			buildPhases = (
				68D8E301C79E73B76F6D7DEF /* [CP] Check Pods Manifest.lock */,
				8467E2FF25F62C5900B45E68 /* Sources */,
				8467E30025F62C5900B45E68 /* Frameworks */,
				8467E30125F62C5900B45E68 /* Resources */,
				D2C7640D20721F69ADE5C314 /* [CP] Copy Pods Resources */,
			);
			buildRules = (
			);
			dependencies = (
			);
			name = fiin_swift;
			productName = fiin_swift;
			productReference = 8467E30325F62C5900B45E68 /* fiin_swift.app */;
			productType = "com.apple.product-type.application";
		};
		8467E31B25F62C5F00B45E68 /* fiin_swiftTests */ = {
			isa = PBXNativeTarget;
			buildConfigurationList = 8467E33325F62C5F00B45E68 /* Build configuration list for PBXNativeTarget "fiin_swiftTests" */;
			buildPhases = (
				3D136898547ABD0861B80C68 /* [CP] Check Pods Manifest.lock */,
				8467E31825F62C5F00B45E68 /* Sources */,
				8467E31925F62C5F00B45E68 /* Frameworks */,
				8467E31A25F62C5F00B45E68 /* Resources */,
			);
			buildRules = (
			);
			dependencies = (
				8467E31E25F62C5F00B45E68 /* PBXTargetDependency */,
			);
			name = fiin_swiftTests;
			productName = fiin_swiftTests;
			productReference = 8467E31C25F62C5F00B45E68 /* fiin_swiftTests.xctest */;
			productType = "com.apple.product-type.bundle.unit-test";
		};
		8467E32625F62C5F00B45E68 /* fiin_swiftUITests */ = {
			isa = PBXNativeTarget;
			buildConfigurationList = 8467E33625F62C5F00B45E68 /* Build configuration list for PBXNativeTarget "fiin_swiftUITests" */;
			buildPhases = (
				2E5C2D07B11730DB4BB3D976 /* [CP] Check Pods Manifest.lock */,
				8467E32325F62C5F00B45E68 /* Sources */,
				8467E32425F62C5F00B45E68 /* Frameworks */,
				8467E32525F62C5F00B45E68 /* Resources */,
				0E4ABC6F1852133A27C820B1 /* [CP] Copy Pods Resources */,
			);
			buildRules = (
			);
			dependencies = (
				8467E32925F62C5F00B45E68 /* PBXTargetDependency */,
			);
			name = fiin_swiftUITests;
			productName = fiin_swiftUITests;
			productReference = 8467E32725F62C5F00B45E68 /* fiin_swiftUITests.xctest */;
			productType = "com.apple.product-type.bundle.ui-testing";
		};
/* End PBXNativeTarget section */

/* Begin PBXProject section */
		8467E2FB25F62C5900B45E68 /* Project object */ = {
			isa = PBXProject;
			attributes = {
				LastSwiftUpdateCheck = 1240;
				LastUpgradeCheck = 1240;
				TargetAttributes = {
					8467E30225F62C5900B45E68 = {
						CreatedOnToolsVersion = 12.4;
					};
					8467E31B25F62C5F00B45E68 = {
						CreatedOnToolsVersion = 12.4;
						TestTargetID = 8467E30225F62C5900B45E68;
					};
					8467E32625F62C5F00B45E68 = {
						CreatedOnToolsVersion = 12.4;
						TestTargetID = 8467E30225F62C5900B45E68;
					};
				};
			};
			buildConfigurationList = 8467E2FE25F62C5900B45E68 /* Build configuration list for PBXProject "fiin_swift" */;
			compatibilityVersion = "Xcode 9.3";
			developmentRegion = en;
			hasScannedForEncodings = 0;
			knownRegions = (
				en,
				Base,
			);
			mainGroup = 8467E2FA25F62C5800B45E68;
			productRefGroup = 8467E30425F62C5900B45E68 /* Products */;
			projectDirPath = "";
			projectRoot = "";
			targets = (
				8467E30225F62C5900B45E68 /* fiin_swift */,
				8467E31B25F62C5F00B45E68 /* fiin_swiftTests */,
				8467E32625F62C5F00B45E68 /* fiin_swiftUITests */,
			);
		};
/* End PBXProject section */

/* Begin PBXResourcesBuildPhase section */
		8467E30125F62C5900B45E68 /* Resources */ = {
			isa = PBXResourcesBuildPhase;
			buildActionMask = 2147483647;
			files = (
				84273D69260A223E00CE50E3 /* promotion_borrow.png in Resources */,
				84273DD82612C62D00CE50E3 /* loading1.gif in Resources */,
				84000C2325F7BF0B00866863 /* Notification@3x.png in Resources */,
				84000C7D25F86BEA00866863 /* banner3.jpg in Resources */,
				84273DB4260F1CD500CE50E3 /* ListBorrowProcessItemTableViewCell.xib in Resources */,
				8467E3A425F7187900B45E68 /* image@3x.png in Resources */,
				84000CB925F8A8E100866863 /* ModalSupportTicket.xib in Resources */,
				8467E31625F62C5E00B45E68 /* LaunchScreen.storyboard in Resources */,
				84273DF126130A3000CE50E3 /* calendar_icon.png in Resources */,
				8467E31325F62C5E00B45E68 /* Assets.xcassets in Resources */,
				8467E40125F7690F00B45E68 /* eyeOutActive.png in Resources */,
				8467E38D25F63B4200B45E68 /* Lock@3x.png in Resources */,
				84000CBE25F8AFE600866863 /* messenger.png in Resources */,
				84000CC825F8B03800866863 /* phone_support.png in Resources */,
				84000CCD25F8B05B00866863 /* ib_support.png in Resources */,
				84000C2D25F7E2DA00866863 /* arr_right.png in Resources */,
				84000CC325F8B01200866863 /* gmail_support.png in Resources */,
				84000C2825F7C06D00866863 /* Group 13@3x.png in Resources */,
				84000C8725F873FD00866863 /* Borrow Trả Góp@3x.png in Resources */,
				84000C5B25F8687500866863 /* banner.jpg in Resources */,
				84000CA525F8748F00866863 /* add-friend@3x.png in Resources */,
				8467E3E525F736FA00B45E68 /* arrowBackLeft@3x.png in Resources */,
				84000C9125F8743000866863 /* Mobile Shoping@3x.png in Resources */,
				84273DA1260DD9AF00CE50E3 /* question_icon.png in Resources */,
				84000C7825F86B3800866863 /* banner2.png in Resources */,
				84000C8C25F8741600866863 /* Borrow %@3x.png in Resources */,
				84CD8F5A26283A7500E31D26 /* ListScheduleTableViewCell.xib in Resources */,
				84000CDB25F9306E00866863 /* ListSupportTableViewCell.xib in Resources */,
				84000CA025F8747900866863 /* Reward2@3x.png in Resources */,
				8467E37125F6371D00B45E68 /* logo@3x.png in Resources */,
				8467E38825F63B3700B45E68 /* Phone@3x.png in Resources */,
				84273D6E260A227500CE50E3 /* notice_promotion.png in Resources */,
				84273D5F2609E45A00CE50E3 /* Uncheck.png in Resources */,
				8467E39225F710A300B45E68 /* EyeInactive@3x.png in Resources */,
				84273D442609A5EE00CE50E3 /* check_success.png in Resources */,
				8467E39725F712CE00B45E68 /* Primary@3x.png in Resources */,
				84000C3225F7E40000866863 /* borrrow.png in Resources */,
				84000C3725F7E7D000866863 /* lend.png in Resources */,
				84273D3626099D2A00CE50E3 /* notice_icon.png in Resources */,
				84000C9B25F8745F00866863 /* Payment TD@3x.png in Resources */,
				84273D152604881B00CE50E3 /* BorrowListTableViewCell.xib in Resources */,
				84000C3C25F7E7FE00866863 /* deposit.png in Resources */,
				8467E30E25F62C5900B45E68 /* Main.storyboard in Resources */,
				84000C4125F7E82D00866863 /* withdraw.png in Resources */,
				84000C9625F8744800866863 /* Mobile Card@3x.png in Resources */,
				84000C8225F873B700866863 /* Borrow TD@3x.png in Resources */,
				84273DBC2611885A00CE50E3 /* ic_info_borrow.png in Resources */,
				84273DFC26130B8A00CE50E3 /* ListWithdrawItemTableViewCell.xib in Resources */,
			);
			runOnlyForDeploymentPostprocessing = 0;
		};
		8467E31A25F62C5F00B45E68 /* Resources */ = {
			isa = PBXResourcesBuildPhase;
			buildActionMask = 2147483647;
			files = (
			);
			runOnlyForDeploymentPostprocessing = 0;
		};
		8467E32525F62C5F00B45E68 /* Resources */ = {
			isa = PBXResourcesBuildPhase;
			buildActionMask = 2147483647;
			files = (
			);
			runOnlyForDeploymentPostprocessing = 0;
		};
/* End PBXResourcesBuildPhase section */

/* Begin PBXShellScriptBuildPhase section */
		0E4ABC6F1852133A27C820B1 /* [CP] Copy Pods Resources */ = {
			isa = PBXShellScriptBuildPhase;
			buildActionMask = 2147483647;
			files = (
			);
			inputFileListPaths = (
				"${PODS_ROOT}/Target Support Files/Pods-fiin_swift-fiin_swiftUITests/Pods-fiin_swift-fiin_swiftUITests-resources-${CONFIGURATION}-input-files.xcfilelist",
			);
			name = "[CP] Copy Pods Resources";
			outputFileListPaths = (
				"${PODS_ROOT}/Target Support Files/Pods-fiin_swift-fiin_swiftUITests/Pods-fiin_swift-fiin_swiftUITests-resources-${CONFIGURATION}-output-files.xcfilelist",
			);
			runOnlyForDeploymentPostprocessing = 0;
			shellPath = /bin/sh;
			shellScript = "\"${PODS_ROOT}/Target Support Files/Pods-fiin_swift-fiin_swiftUITests/Pods-fiin_swift-fiin_swiftUITests-resources.sh\"\n";
			showEnvVarsInLog = 0;
		};
		2E5C2D07B11730DB4BB3D976 /* [CP] Check Pods Manifest.lock */ = {
			isa = PBXShellScriptBuildPhase;
			buildActionMask = 2147483647;
			files = (
			);
			inputFileListPaths = (
			);
			inputPaths = (
				"${PODS_PODFILE_DIR_PATH}/Podfile.lock",
				"${PODS_ROOT}/Manifest.lock",
			);
			name = "[CP] Check Pods Manifest.lock";
			outputFileListPaths = (
			);
			outputPaths = (
				"$(DERIVED_FILE_DIR)/Pods-fiin_swift-fiin_swiftUITests-checkManifestLockResult.txt",
			);
			runOnlyForDeploymentPostprocessing = 0;
			shellPath = /bin/sh;
			shellScript = "diff \"${PODS_PODFILE_DIR_PATH}/Podfile.lock\" \"${PODS_ROOT}/Manifest.lock\" > /dev/null\nif [ $? != 0 ] ; then\n    # print error to STDERR\n    echo \"error: The sandbox is not in sync with the Podfile.lock. Run 'pod install' or update your CocoaPods installation.\" >&2\n    exit 1\nfi\n# This output is used by Xcode 'outputs' to avoid re-running this script phase.\necho \"SUCCESS\" > \"${SCRIPT_OUTPUT_FILE_0}\"\n";
			showEnvVarsInLog = 0;
		};
		3D136898547ABD0861B80C68 /* [CP] Check Pods Manifest.lock */ = {
			isa = PBXShellScriptBuildPhase;
			buildActionMask = 2147483647;
			files = (
			);
			inputFileListPaths = (
			);
			inputPaths = (
				"${PODS_PODFILE_DIR_PATH}/Podfile.lock",
				"${PODS_ROOT}/Manifest.lock",
			);
			name = "[CP] Check Pods Manifest.lock";
			outputFileListPaths = (
			);
			outputPaths = (
				"$(DERIVED_FILE_DIR)/Pods-fiin_swiftTests-checkManifestLockResult.txt",
			);
			runOnlyForDeploymentPostprocessing = 0;
			shellPath = /bin/sh;
			shellScript = "diff \"${PODS_PODFILE_DIR_PATH}/Podfile.lock\" \"${PODS_ROOT}/Manifest.lock\" > /dev/null\nif [ $? != 0 ] ; then\n    # print error to STDERR\n    echo \"error: The sandbox is not in sync with the Podfile.lock. Run 'pod install' or update your CocoaPods installation.\" >&2\n    exit 1\nfi\n# This output is used by Xcode 'outputs' to avoid re-running this script phase.\necho \"SUCCESS\" > \"${SCRIPT_OUTPUT_FILE_0}\"\n";
			showEnvVarsInLog = 0;
		};
		68D8E301C79E73B76F6D7DEF /* [CP] Check Pods Manifest.lock */ = {
			isa = PBXShellScriptBuildPhase;
			buildActionMask = 2147483647;
			files = (
			);
			inputFileListPaths = (
			);
			inputPaths = (
				"${PODS_PODFILE_DIR_PATH}/Podfile.lock",
				"${PODS_ROOT}/Manifest.lock",
			);
			name = "[CP] Check Pods Manifest.lock";
			outputFileListPaths = (
			);
			outputPaths = (
				"$(DERIVED_FILE_DIR)/Pods-fiin_swift-checkManifestLockResult.txt",
			);
			runOnlyForDeploymentPostprocessing = 0;
			shellPath = /bin/sh;
			shellScript = "diff \"${PODS_PODFILE_DIR_PATH}/Podfile.lock\" \"${PODS_ROOT}/Manifest.lock\" > /dev/null\nif [ $? != 0 ] ; then\n    # print error to STDERR\n    echo \"error: The sandbox is not in sync with the Podfile.lock. Run 'pod install' or update your CocoaPods installation.\" >&2\n    exit 1\nfi\n# This output is used by Xcode 'outputs' to avoid re-running this script phase.\necho \"SUCCESS\" > \"${SCRIPT_OUTPUT_FILE_0}\"\n";
			showEnvVarsInLog = 0;
		};
		D2C7640D20721F69ADE5C314 /* [CP] Copy Pods Resources */ = {
			isa = PBXShellScriptBuildPhase;
			buildActionMask = 2147483647;
			files = (
			);
			inputFileListPaths = (
				"${PODS_ROOT}/Target Support Files/Pods-fiin_swift/Pods-fiin_swift-resources-${CONFIGURATION}-input-files.xcfilelist",
			);
			name = "[CP] Copy Pods Resources";
			outputFileListPaths = (
				"${PODS_ROOT}/Target Support Files/Pods-fiin_swift/Pods-fiin_swift-resources-${CONFIGURATION}-output-files.xcfilelist",
			);
			runOnlyForDeploymentPostprocessing = 0;
			shellPath = /bin/sh;
			shellScript = "\"${PODS_ROOT}/Target Support Files/Pods-fiin_swift/Pods-fiin_swift-resources.sh\"\n";
			showEnvVarsInLog = 0;
		};
/* End PBXShellScriptBuildPhase section */

/* Begin PBXSourcesBuildPhase section */
		8467E2FF25F62C5900B45E68 /* Sources */ = {
			isa = PBXSourcesBuildPhase;
			buildActionMask = 2147483647;
			files = (
				84273D5A2609CF2500CE50E3 /* BorrowOptionResponse.swift in Sources */,
				84273D2C26049D7400CE50E3 /* InfoLimitServices.swift in Sources */,
				84000C4A25F8637900866863 /* BannerHomeCollectionViewCell.swift in Sources */,
				84273D2226048E9B00CE50E3 /* InfoUserResponse.swift in Sources */,
				84000CB425F8A89400866863 /* ModalSupportTicket.swift in Sources */,
				840010F7260209B700866863 /* BorrowViewController.swift in Sources */,
				84CD8F4F2628396100E31D26 /* ListScheduleViewController.swift in Sources */,
				8467E3F625F7677300B45E68 /* CreateAccountViewController.swift in Sources */,
				84273D3126049DA600CE50E3 /* InfoLimitResponse.swift in Sources */,
				84273D642609EFFD00CE50E3 /* TimeBorrowCollectionViewCell.swift in Sources */,
				84273DC126118D5500CE50E3 /* BorrowTutorialViewController.swift in Sources */,
				84273DFB26130B8A00CE50E3 /* ListWithdrawItemTableViewCell.swift in Sources */,
				84273D142604881B00CE50E3 /* BorrowListTableViewCell.swift in Sources */,
				84000F1F25FA176A00866863 /* ConstAPI.swift in Sources */,
				8467E3EC25F75B7900B45E68 /* TermViewController.swift in Sources */,
				84273DE9261306D800CE50E3 /* WithdrawViewController.swift in Sources */,
				84273C9B260483B200CE50E3 /* ViewExtension.swift in Sources */,
				84273DC62611BD9900CE50E3 /* BorrowConfirmResponse.swift in Sources */,
				8467E40F25F7842D00B45E68 /* LoginResponse.swift in Sources */,
				8467E40625F775BF00B45E68 /* Connect.swift in Sources */,
				84000F6E25FDC56900866863 /* DepositViewController.swift in Sources */,
				84000F7625FDCA2B00866863 /* DepositTutorialViewController.swift in Sources */,
				84CD8F63262842A200E31D26 /* ScheduleList.swift in Sources */,
				84000FAC25FF724C00866863 /* BalanceViewController.swift in Sources */,
				840010C226019E7600866863 /* ActivityIndicatorPresenter.swift in Sources */,
				84273DB3260F1CD500CE50E3 /* ListBorrowProcessItemTableViewCell.swift in Sources */,
				84000F8E25FF67CA00866863 /* BankInfoResponse.swift in Sources */,
				84273C962604827C00CE50E3 /* BorrowServices.swift in Sources */,
				84CD8F6C2628448B00E31D26 /* ScheduleResponse.swift in Sources */,
				84CD8E3B262482B400E31D26 /* WithdrawCreateViewController.swift in Sources */,
				84273D1D26048B9500CE50E3 /* StringExtensions.swift in Sources */,
				84273D9C260DC57A00CE50E3 /* BorowConfirmViewController.swift in Sources */,
				840010D82601FC6900866863 /* UserDataService.swift in Sources */,
				84273D4A2609A6CB00CE50E3 /* TypeBorrowCollectionViewCell.swift in Sources */,
				8467E30B25F62C5900B45E68 /* ViewController.swift in Sources */,
				84CD8F4926282BEC00E31D26 /* WithdrawRequest.swift in Sources */,
				84273E0526140BB900CE50E3 /* ListWithdraw.swift in Sources */,
				8400109A2600B83800866863 /* ListBankInfoCollectionViewCell.swift in Sources */,
				84CD8F5926283A7500E31D26 /* ListScheduleTableViewCell.swift in Sources */,
				84273D3C2609A3DF00CE50E3 /* BorrowCreateViewController.swift in Sources */,
				84273D97260C2D2600CE50E3 /* BorrowingContractConfirmResponse.swift in Sources */,
				840010B82600C26C00866863 /* ColorExtensions.swift in Sources */,
				8467E41625F78AF800B45E68 /* HomeViewController.swift in Sources */,
				8467E31125F62C5900B45E68 /* fiin_swift.xcdatamodeld in Sources */,
				84273DCB2611C8B200CE50E3 /* BorrowDetailViewController.swift in Sources */,
				84273DA8260DE58B00CE50E3 /* LoadingViewController.swift in Sources */,
				84273D2726048FCC00CE50E3 /* InfoUser.swift in Sources */,
				8467E30725F62C5900B45E68 /* AppDelegate.swift in Sources */,
				84CD8F442627F96900E31D26 /* WithdrawInfo.swift in Sources */,
				8467E37C25F63A0C00B45E68 /* LoginViewController.swift in Sources */,
				84000F2725FA1A8800866863 /* ListSupportResponse.swift in Sources */,
				840010E22602010400866863 /* index.swift in Sources */,
				84000CDA25F9306E00866863 /* ListSupportTableViewCell.swift in Sources */,
				84000CD325F92D8B00866863 /* SupportTicketViewController.swift in Sources */,
				84273C8E260461C800CE50E3 /* ListBorrowResponse.swift in Sources */,
				84273E0D26140C4600CE50E3 /* WithdrawResponse.swift in Sources */,
				84000F2D25FA230800866863 /* CreateSupportTicketViewController.swift in Sources */,
				8467E30925F62C5900B45E68 /* SceneDelegate.swift in Sources */,
				840010D02601F9A100866863 /* BankInfoServices.swift in Sources */,
				84273DD02611CB1000CE50E3 /* BorrowDetailResponse.swift in Sources */,
				840010CB2601F29200866863 /* AuthenticationService.swift in Sources */,
			);
			runOnlyForDeploymentPostprocessing = 0;
		};
		8467E31825F62C5F00B45E68 /* Sources */ = {
			isa = PBXSourcesBuildPhase;
			buildActionMask = 2147483647;
			files = (
				8467E32125F62C5F00B45E68 /* fiin_swiftTests.swift in Sources */,
			);
			runOnlyForDeploymentPostprocessing = 0;
		};
		8467E32325F62C5F00B45E68 /* Sources */ = {
			isa = PBXSourcesBuildPhase;
			buildActionMask = 2147483647;
			files = (
				8467E32C25F62C5F00B45E68 /* fiin_swiftUITests.swift in Sources */,
			);
			runOnlyForDeploymentPostprocessing = 0;
		};
/* End PBXSourcesBuildPhase section */

/* Begin PBXTargetDependency section */
		8467E31E25F62C5F00B45E68 /* PBXTargetDependency */ = {
			isa = PBXTargetDependency;
			target = 8467E30225F62C5900B45E68 /* fiin_swift */;
			targetProxy = 8467E31D25F62C5F00B45E68 /* PBXContainerItemProxy */;
		};
		8467E32925F62C5F00B45E68 /* PBXTargetDependency */ = {
			isa = PBXTargetDependency;
			target = 8467E30225F62C5900B45E68 /* fiin_swift */;
			targetProxy = 8467E32825F62C5F00B45E68 /* PBXContainerItemProxy */;
		};
/* End PBXTargetDependency section */

/* Begin PBXVariantGroup section */
		8467E30C25F62C5900B45E68 /* Main.storyboard */ = {
			isa = PBXVariantGroup;
			children = (
				8467E30D25F62C5900B45E68 /* Base */,
			);
			name = Main.storyboard;
			sourceTree = "<group>";
		};
		8467E31425F62C5E00B45E68 /* LaunchScreen.storyboard */ = {
			isa = PBXVariantGroup;
			children = (
				8467E31525F62C5E00B45E68 /* Base */,
			);
			name = LaunchScreen.storyboard;
			sourceTree = "<group>";
		};
/* End PBXVariantGroup section */

/* Begin XCBuildConfiguration section */
		8467E32E25F62C5F00B45E68 /* Debug */ = {
			isa = XCBuildConfiguration;
			buildSettings = {
				ALWAYS_SEARCH_USER_PATHS = NO;
				CLANG_ANALYZER_NONNULL = YES;
				CLANG_ANALYZER_NUMBER_OBJECT_CONVERSION = YES_AGGRESSIVE;
				CLANG_CXX_LANGUAGE_STANDARD = "gnu++14";
				CLANG_CXX_LIBRARY = "libc++";
				CLANG_ENABLE_MODULES = YES;
				CLANG_ENABLE_OBJC_ARC = YES;
				CLANG_ENABLE_OBJC_WEAK = YES;
				CLANG_WARN_BLOCK_CAPTURE_AUTORELEASING = YES;
				CLANG_WARN_BOOL_CONVERSION = YES;
				CLANG_WARN_COMMA = YES;
				CLANG_WARN_CONSTANT_CONVERSION = YES;
				CLANG_WARN_DEPRECATED_OBJC_IMPLEMENTATIONS = YES;
				CLANG_WARN_DIRECT_OBJC_ISA_USAGE = YES_ERROR;
				CLANG_WARN_DOCUMENTATION_COMMENTS = YES;
				CLANG_WARN_EMPTY_BODY = YES;
				CLANG_WARN_ENUM_CONVERSION = YES;
				CLANG_WARN_INFINITE_RECURSION = YES;
				CLANG_WARN_INT_CONVERSION = YES;
				CLANG_WARN_NON_LITERAL_NULL_CONVERSION = YES;
				CLANG_WARN_OBJC_IMPLICIT_RETAIN_SELF = YES;
				CLANG_WARN_OBJC_LITERAL_CONVERSION = YES;
				CLANG_WARN_OBJC_ROOT_CLASS = YES_ERROR;
				CLANG_WARN_QUOTED_INCLUDE_IN_FRAMEWORK_HEADER = YES;
				CLANG_WARN_RANGE_LOOP_ANALYSIS = YES;
				CLANG_WARN_STRICT_PROTOTYPES = YES;
				CLANG_WARN_SUSPICIOUS_MOVE = YES;
				CLANG_WARN_UNGUARDED_AVAILABILITY = YES_AGGRESSIVE;
				CLANG_WARN_UNREACHABLE_CODE = YES;
				CLANG_WARN__DUPLICATE_METHOD_MATCH = YES;
				COPY_PHASE_STRIP = NO;
				DEBUG_INFORMATION_FORMAT = dwarf;
				ENABLE_STRICT_OBJC_MSGSEND = YES;
				ENABLE_TESTABILITY = YES;
				GCC_C_LANGUAGE_STANDARD = gnu11;
				GCC_DYNAMIC_NO_PIC = NO;
				GCC_NO_COMMON_BLOCKS = YES;
				GCC_OPTIMIZATION_LEVEL = 0;
				GCC_PREPROCESSOR_DEFINITIONS = (
					"DEBUG=1",
					"$(inherited)",
				);
				GCC_WARN_64_TO_32_BIT_CONVERSION = YES;
				GCC_WARN_ABOUT_RETURN_TYPE = YES_ERROR;
				GCC_WARN_UNDECLARED_SELECTOR = YES;
				GCC_WARN_UNINITIALIZED_AUTOS = YES_AGGRESSIVE;
				GCC_WARN_UNUSED_FUNCTION = YES;
				GCC_WARN_UNUSED_VARIABLE = YES;
				IPHONEOS_DEPLOYMENT_TARGET = 14.4;
				MTL_ENABLE_DEBUG_INFO = INCLUDE_SOURCE;
				MTL_FAST_MATH = YES;
				ONLY_ACTIVE_ARCH = YES;
				SDKROOT = iphoneos;
				SWIFT_ACTIVE_COMPILATION_CONDITIONS = DEBUG;
				SWIFT_OPTIMIZATION_LEVEL = "-Onone";
			};
			name = Debug;
		};
		8467E32F25F62C5F00B45E68 /* Release */ = {
			isa = XCBuildConfiguration;
			buildSettings = {
				ALWAYS_SEARCH_USER_PATHS = NO;
				CLANG_ANALYZER_NONNULL = YES;
				CLANG_ANALYZER_NUMBER_OBJECT_CONVERSION = YES_AGGRESSIVE;
				CLANG_CXX_LANGUAGE_STANDARD = "gnu++14";
				CLANG_CXX_LIBRARY = "libc++";
				CLANG_ENABLE_MODULES = YES;
				CLANG_ENABLE_OBJC_ARC = YES;
				CLANG_ENABLE_OBJC_WEAK = YES;
				CLANG_WARN_BLOCK_CAPTURE_AUTORELEASING = YES;
				CLANG_WARN_BOOL_CONVERSION = YES;
				CLANG_WARN_COMMA = YES;
				CLANG_WARN_CONSTANT_CONVERSION = YES;
				CLANG_WARN_DEPRECATED_OBJC_IMPLEMENTATIONS = YES;
				CLANG_WARN_DIRECT_OBJC_ISA_USAGE = YES_ERROR;
				CLANG_WARN_DOCUMENTATION_COMMENTS = YES;
				CLANG_WARN_EMPTY_BODY = YES;
				CLANG_WARN_ENUM_CONVERSION = YES;
				CLANG_WARN_INFINITE_RECURSION = YES;
				CLANG_WARN_INT_CONVERSION = YES;
				CLANG_WARN_NON_LITERAL_NULL_CONVERSION = YES;
				CLANG_WARN_OBJC_IMPLICIT_RETAIN_SELF = YES;
				CLANG_WARN_OBJC_LITERAL_CONVERSION = YES;
				CLANG_WARN_OBJC_ROOT_CLASS = YES_ERROR;
				CLANG_WARN_QUOTED_INCLUDE_IN_FRAMEWORK_HEADER = YES;
				CLANG_WARN_RANGE_LOOP_ANALYSIS = YES;
				CLANG_WARN_STRICT_PROTOTYPES = YES;
				CLANG_WARN_SUSPICIOUS_MOVE = YES;
				CLANG_WARN_UNGUARDED_AVAILABILITY = YES_AGGRESSIVE;
				CLANG_WARN_UNREACHABLE_CODE = YES;
				CLANG_WARN__DUPLICATE_METHOD_MATCH = YES;
				COPY_PHASE_STRIP = NO;
				DEBUG_INFORMATION_FORMAT = "dwarf-with-dsym";
				ENABLE_NS_ASSERTIONS = NO;
				ENABLE_STRICT_OBJC_MSGSEND = YES;
				GCC_C_LANGUAGE_STANDARD = gnu11;
				GCC_NO_COMMON_BLOCKS = YES;
				GCC_WARN_64_TO_32_BIT_CONVERSION = YES;
				GCC_WARN_ABOUT_RETURN_TYPE = YES_ERROR;
				GCC_WARN_UNDECLARED_SELECTOR = YES;
				GCC_WARN_UNINITIALIZED_AUTOS = YES_AGGRESSIVE;
				GCC_WARN_UNUSED_FUNCTION = YES;
				GCC_WARN_UNUSED_VARIABLE = YES;
				IPHONEOS_DEPLOYMENT_TARGET = 14.4;
				MTL_ENABLE_DEBUG_INFO = NO;
				MTL_FAST_MATH = YES;
				SDKROOT = iphoneos;
				SWIFT_COMPILATION_MODE = wholemodule;
				SWIFT_OPTIMIZATION_LEVEL = "-O";
				VALIDATE_PRODUCT = YES;
			};
			name = Release;
		};
		8467E33125F62C5F00B45E68 /* Debug */ = {
			isa = XCBuildConfiguration;
			baseConfigurationReference = 81D5C440E2D97D5685EF883A /* Pods-fiin_swift.debug.xcconfig */;
			buildSettings = {
				ASSETCATALOG_COMPILER_APPICON_NAME = AppIcon;
				ASSETCATALOG_COMPILER_GLOBAL_ACCENT_COLOR_NAME = AccentColor;
				CODE_SIGN_STYLE = Automatic;
				INFOPLIST_FILE = fiin_swift/Info.plist;
				LD_RUNPATH_SEARCH_PATHS = (
					"$(inherited)",
					"@executable_path/Frameworks",
				);
				PRODUCT_BUNDLE_IDENTIFIER = "-633.fiin-swift";
				PRODUCT_NAME = "$(TARGET_NAME)";
				SWIFT_VERSION = 5.0;
				TARGETED_DEVICE_FAMILY = "1,2";
			};
			name = Debug;
		};
		8467E33225F62C5F00B45E68 /* Release */ = {
			isa = XCBuildConfiguration;
			baseConfigurationReference = 53B26E787F895B7EF3C682C7 /* Pods-fiin_swift.release.xcconfig */;
			buildSettings = {
				ASSETCATALOG_COMPILER_APPICON_NAME = AppIcon;
				ASSETCATALOG_COMPILER_GLOBAL_ACCENT_COLOR_NAME = AccentColor;
				CODE_SIGN_STYLE = Automatic;
				INFOPLIST_FILE = fiin_swift/Info.plist;
				LD_RUNPATH_SEARCH_PATHS = (
					"$(inherited)",
					"@executable_path/Frameworks",
				);
				PRODUCT_BUNDLE_IDENTIFIER = "-633.fiin-swift";
				PRODUCT_NAME = "$(TARGET_NAME)";
				SWIFT_VERSION = 5.0;
				TARGETED_DEVICE_FAMILY = "1,2";
			};
			name = Release;
		};
		8467E33425F62C5F00B45E68 /* Debug */ = {
			isa = XCBuildConfiguration;
			baseConfigurationReference = C19382F0E96112B9B9804A75 /* Pods-fiin_swiftTests.debug.xcconfig */;
			buildSettings = {
				ALWAYS_EMBED_SWIFT_STANDARD_LIBRARIES = YES;
				BUNDLE_LOADER = "$(TEST_HOST)";
				CODE_SIGN_STYLE = Automatic;
				INFOPLIST_FILE = fiin_swiftTests/Info.plist;
				IPHONEOS_DEPLOYMENT_TARGET = 14.4;
				LD_RUNPATH_SEARCH_PATHS = (
					"$(inherited)",
					"@executable_path/Frameworks",
					"@loader_path/Frameworks",
				);
				PRODUCT_BUNDLE_IDENTIFIER = "-633.fiin-swiftTests";
				PRODUCT_NAME = "$(TARGET_NAME)";
				SWIFT_VERSION = 5.0;
				TARGETED_DEVICE_FAMILY = "1,2";
				TEST_HOST = "$(BUILT_PRODUCTS_DIR)/fiin_swift.app/fiin_swift";
			};
			name = Debug;
		};
		8467E33525F62C5F00B45E68 /* Release */ = {
			isa = XCBuildConfiguration;
			baseConfigurationReference = 97F5DC4F1011ECC86535E70B /* Pods-fiin_swiftTests.release.xcconfig */;
			buildSettings = {
				ALWAYS_EMBED_SWIFT_STANDARD_LIBRARIES = YES;
				BUNDLE_LOADER = "$(TEST_HOST)";
				CODE_SIGN_STYLE = Automatic;
				INFOPLIST_FILE = fiin_swiftTests/Info.plist;
				IPHONEOS_DEPLOYMENT_TARGET = 14.4;
				LD_RUNPATH_SEARCH_PATHS = (
					"$(inherited)",
					"@executable_path/Frameworks",
					"@loader_path/Frameworks",
				);
				PRODUCT_BUNDLE_IDENTIFIER = "-633.fiin-swiftTests";
				PRODUCT_NAME = "$(TARGET_NAME)";
				SWIFT_VERSION = 5.0;
				TARGETED_DEVICE_FAMILY = "1,2";
				TEST_HOST = "$(BUILT_PRODUCTS_DIR)/fiin_swift.app/fiin_swift";
			};
			name = Release;
		};
		8467E33725F62C5F00B45E68 /* Debug */ = {
			isa = XCBuildConfiguration;
			baseConfigurationReference = 0EA0791E234620DB934D8997 /* Pods-fiin_swift-fiin_swiftUITests.debug.xcconfig */;
			buildSettings = {
				ALWAYS_EMBED_SWIFT_STANDARD_LIBRARIES = YES;
				CODE_SIGN_STYLE = Automatic;
				INFOPLIST_FILE = fiin_swiftUITests/Info.plist;
				LD_RUNPATH_SEARCH_PATHS = (
					"$(inherited)",
					"@executable_path/Frameworks",
					"@loader_path/Frameworks",
				);
				PRODUCT_BUNDLE_IDENTIFIER = "-633.fiin-swiftUITests";
				PRODUCT_NAME = "$(TARGET_NAME)";
				SWIFT_VERSION = 5.0;
				TARGETED_DEVICE_FAMILY = "1,2";
				TEST_TARGET_NAME = fiin_swift;
			};
			name = Debug;
		};
		8467E33825F62C5F00B45E68 /* Release */ = {
			isa = XCBuildConfiguration;
			baseConfigurationReference = 8D1AB5B3CB127F497A2A3492 /* Pods-fiin_swift-fiin_swiftUITests.release.xcconfig */;
			buildSettings = {
				ALWAYS_EMBED_SWIFT_STANDARD_LIBRARIES = YES;
				CODE_SIGN_STYLE = Automatic;
				INFOPLIST_FILE = fiin_swiftUITests/Info.plist;
				LD_RUNPATH_SEARCH_PATHS = (
					"$(inherited)",
					"@executable_path/Frameworks",
					"@loader_path/Frameworks",
				);
				PRODUCT_BUNDLE_IDENTIFIER = "-633.fiin-swiftUITests";
				PRODUCT_NAME = "$(TARGET_NAME)";
				SWIFT_VERSION = 5.0;
				TARGETED_DEVICE_FAMILY = "1,2";
				TEST_TARGET_NAME = fiin_swift;
			};
			name = Release;
		};
/* End XCBuildConfiguration section */

/* Begin XCConfigurationList section */
		8467E2FE25F62C5900B45E68 /* Build configuration list for PBXProject "fiin_swift" */ = {
			isa = XCConfigurationList;
			buildConfigurations = (
				8467E32E25F62C5F00B45E68 /* Debug */,
				8467E32F25F62C5F00B45E68 /* Release */,
			);
			defaultConfigurationIsVisible = 0;
			defaultConfigurationName = Release;
		};
		8467E33025F62C5F00B45E68 /* Build configuration list for PBXNativeTarget "fiin_swift" */ = {
			isa = XCConfigurationList;
			buildConfigurations = (
				8467E33125F62C5F00B45E68 /* Debug */,
				8467E33225F62C5F00B45E68 /* Release */,
			);
			defaultConfigurationIsVisible = 0;
			defaultConfigurationName = Release;
		};
		8467E33325F62C5F00B45E68 /* Build configuration list for PBXNativeTarget "fiin_swiftTests" */ = {
			isa = XCConfigurationList;
			buildConfigurations = (
				8467E33425F62C5F00B45E68 /* Debug */,
				8467E33525F62C5F00B45E68 /* Release */,
			);
			defaultConfigurationIsVisible = 0;
			defaultConfigurationName = Release;
		};
		8467E33625F62C5F00B45E68 /* Build configuration list for PBXNativeTarget "fiin_swiftUITests" */ = {
			isa = XCConfigurationList;
			buildConfigurations = (
				8467E33725F62C5F00B45E68 /* Debug */,
				8467E33825F62C5F00B45E68 /* Release */,
			);
			defaultConfigurationIsVisible = 0;
			defaultConfigurationName = Release;
		};
/* End XCConfigurationList section */

/* Begin XCVersionGroup section */
		8467E30F25F62C5900B45E68 /* fiin_swift.xcdatamodeld */ = {
			isa = XCVersionGroup;
			children = (
				8467E31025F62C5900B45E68 /* fiin_swift.xcdatamodel */,
			);
			currentVersion = 8467E31025F62C5900B45E68 /* fiin_swift.xcdatamodel */;
			path = fiin_swift.xcdatamodeld;
			sourceTree = "<group>";
			versionGroupType = wrapper.xcdatamodel;
		};
/* End XCVersionGroup section */
	};
	rootObject = 8467E2FB25F62C5900B45E68 /* Project object */;
}
